{
  "version": 4,
  "terraform_version": "1.11.2",
  "serial": 707,
  "lineage": "fec6bf66-ebdc-b803-107b-fc8f1ae0f724",
  "outputs": {
    "cluster_name": {
      "value": "photosense-prod",
      "type": "string"
    },
    "ecr_repository_url": {
      "value": "586794477720.dkr.ecr.us-east-1.amazonaws.com/photo-sense-prod",
      "type": "string"
    },
    "load_balancer_dns_name": {
      "value": "photosense-prod-1723817838.us-east-1.elb.amazonaws.com",
      "type": "string"
    },
    "public_subnet_ids": {
      "value": [
        "subnet-01a8e0487561511f5",
        "subnet-05e635812bad84464"
      ],
      "type": [
        "tuple",
        [
          "string",
          "string"
        ]
      ]
    },
    "s3_bucket_domain": {
      "value": "photosense-media-prod.s3.amazonaws.com",
      "type": "string"
    },
    "s3_bucket_name": {
      "value": "photosense-media-prod",
      "type": "string"
    },
    "service_name": {
      "value": "photosense-prod",
      "type": "string"
    },
    "vpc_id": {
      "value": "vpc-01135e4c677c8be13",
      "type": "string"
    }
  },
  "resources": [
    {
      "mode": "data",
      "type": "aws_caller_identity",
      "name": "current",
      "provider": "provider[\"registry.terraform.io/hashicorp/aws\"]",
      "instances": [
        {
          "schema_version": 0,
          "attributes": {
            "account_id": "586794477720",
            "arn": "arn:aws:iam::586794477720:user/photo-sense-admin-user",
            "id": "586794477720",
            "user_id": "AIDAYRH5NFCMKRA6JW2IU"
          },
          "sensitive_attributes": []
        }
      ]
    },
    {
      "module": "module.ecr",
      "mode": "managed",
      "type": "aws_ecr_lifecycle_policy",
      "name": "repository",
      "provider": "provider[\"registry.terraform.io/hashicorp/aws\"]",
      "instances": [
        {
          "schema_version": 0,
          "attributes": {
            "id": "photo-sense-prod",
            "policy": "{\"rules\":[{\"action\":{\"type\":\"expire\"},\"description\":\"Keep last 10 images\",\"rulePriority\":1,\"selection\":{\"countNumber\":10,\"countType\":\"imageCountMoreThan\",\"tagStatus\":\"any\"}}]}",
            "registry_id": "586794477720",
            "repository": "photo-sense-prod"
          },
          "sensitive_attributes": [],
          "private": "bnVsbA==",
          "dependencies": [
            "module.ecr.aws_ecr_repository.repository"
          ]
        }
      ]
    },
    {
      "module": "module.ecr",
      "mode": "managed",
      "type": "aws_ecr_repository",
      "name": "repository",
      "provider": "provider[\"registry.terraform.io/hashicorp/aws\"]",
      "instances": [
        {
          "schema_version": 0,
          "attributes": {
            "arn": "arn:aws:ecr:us-east-1:586794477720:repository/photo-sense-prod",
            "encryption_configuration": [
              {
                "encryption_type": "AES256",
                "kms_key": ""
              }
            ],
            "force_delete": true,
            "id": "photo-sense-prod",
            "image_scanning_configuration": [
              {
                "scan_on_push": true
              }
            ],
            "image_tag_mutability": "IMMUTABLE",
            "name": "photo-sense-prod",
            "registry_id": "586794477720",
            "repository_url": "586794477720.dkr.ecr.us-east-1.amazonaws.com/photo-sense-prod",
            "tags": {
              "Environment": "prod",
              "Name": "photo-sense-prod"
            },
            "tags_all": {
              "Environment": "prod",
              "Name": "photo-sense-prod"
            },
            "timeouts": null
          },
          "sensitive_attributes": [],
          "private": "eyJlMmJmYjczMC1lY2FhLTExZTYtOGY4OC0zNDM2M2JjN2M0YzAiOnsiZGVsZXRlIjoxMjAwMDAwMDAwMDAwfX0="
        }
      ]
    },
    {
      "module": "module.ecs",
      "mode": "managed",
      "type": "aws_cloudwatch_log_group",
      "name": "ecs",
      "provider": "provider[\"registry.terraform.io/hashicorp/aws\"]",
      "instances": [
        {
          "schema_version": 0,
          "attributes": {
            "arn": "arn:aws:logs:us-east-1:586794477720:log-group:/ecs/photosense-prod",
            "id": "/ecs/photosense-prod",
            "kms_key_id": "",
            "log_group_class": "STANDARD",
            "name": "/ecs/photosense-prod",
            "name_prefix": "",
            "retention_in_days": 7,
            "skip_destroy": false,
            "tags": {
              "Application": "PhotoSense",
              "Contact": "kandarp.canada@gmail.com",
              "Environment": "prod",
              "ManagedBy": "Terraform",
              "Monitoring": "enabled",
              "Name": "photo-sense",
              "Owner": "DevOps",
              "Project": "PhotoSense",
              "Service": "PhotoSenseService",
              "Team": "Backend"
            },
            "tags_all": {
              "Application": "PhotoSense",
              "Contact": "kandarp.canada@gmail.com",
              "Environment": "prod",
              "ManagedBy": "Terraform",
              "Monitoring": "enabled",
              "Name": "photo-sense",
              "Owner": "DevOps",
              "Project": "PhotoSense",
              "Service": "PhotoSenseService",
              "Team": "Backend"
            }
          },
          "sensitive_attributes": [],
          "private": "bnVsbA=="
        }
      ]
    },
    {
      "module": "module.ecs",
      "mode": "managed",
      "type": "aws_ecs_cluster",
      "name": "main",
      "provider": "provider[\"registry.terraform.io/hashicorp/aws\"]",
      "instances": [
        {
          "schema_version": 0,
          "attributes": {
            "arn": "arn:aws:ecs:us-east-1:586794477720:cluster/photosense-prod",
            "configuration": [],
            "id": "arn:aws:ecs:us-east-1:586794477720:cluster/photosense-prod",
            "name": "photosense-prod",
            "service_connect_defaults": [],
            "setting": [
              {
                "name": "containerInsights",
                "value": "disabled"
              }
            ],
            "tags": {
              "Application": "PhotoSense",
              "Contact": "kandarp.canada@gmail.com",
              "Environment": "prod",
              "ManagedBy": "Terraform",
              "Monitoring": "enabled",
              "Name": "photo-sense",
              "Owner": "DevOps",
              "Project": "PhotoSense",
              "Service": "PhotoSenseService",
              "Team": "Backend"
            },
            "tags_all": {
              "Application": "PhotoSense",
              "Contact": "kandarp.canada@gmail.com",
              "Environment": "prod",
              "ManagedBy": "Terraform",
              "Monitoring": "enabled",
              "Name": "photo-sense",
              "Owner": "DevOps",
              "Project": "PhotoSense",
              "Service": "PhotoSenseService",
              "Team": "Backend"
            }
          },
          "sensitive_attributes": [],
          "private": "bnVsbA=="
        }
      ]
    },
    {
      "module": "module.ecs",
      "mode": "managed",
      "type": "aws_ecs_service",
      "name": "app",
      "provider": "provider[\"registry.terraform.io/hashicorp/aws\"]",
      "instances": [
        {
          "schema_version": 1,
          "attributes": {
            "alarms": [],
            "availability_zone_rebalancing": "DISABLED",
            "capacity_provider_strategy": [],
            "cluster": "arn:aws:ecs:us-east-1:586794477720:cluster/photosense-prod",
            "deployment_circuit_breaker": [
              {
                "enable": false,
                "rollback": false
              }
            ],
            "deployment_controller": [
              {
                "type": "ECS"
              }
            ],
            "deployment_maximum_percent": 200,
            "deployment_minimum_healthy_percent": 100,
            "desired_count": 1,
            "enable_ecs_managed_tags": false,
            "enable_execute_command": false,
            "force_delete": null,
            "force_new_deployment": null,
            "health_check_grace_period_seconds": 0,
            "iam_role": "/aws-service-role/ecs.amazonaws.com/AWSServiceRoleForECS",
            "id": "arn:aws:ecs:us-east-1:586794477720:service/photosense-prod/photosense-prod",
            "launch_type": "FARGATE",
            "load_balancer": [
              {
                "container_name": "photo-sense",
                "container_port": 3000,
                "elb_name": "",
                "target_group_arn": "arn:aws:elasticloadbalancing:us-east-1:586794477720:targetgroup/photosense-prod/ad2e78caa1a4308e"
              }
            ],
            "name": "photosense-prod",
            "network_configuration": [
              {
                "assign_public_ip": false,
                "security_groups": [
                  "sg-000aecb0fab860ae0"
                ],
                "subnets": [
                  "subnet-000a45c149e35d203",
                  "subnet-05bfaa89fa88a9d08"
                ]
              }
            ],
            "ordered_placement_strategy": [],
            "placement_constraints": [],
            "platform_version": "LATEST",
            "propagate_tags": "NONE",
            "scheduling_strategy": "REPLICA",
            "service_connect_configuration": [],
            "service_registries": [],
            "tags": {
              "Application": "PhotoSense",
              "Contact": "kandarp.canada@gmail.com",
              "Environment": "prod",
              "ManagedBy": "Terraform",
              "Monitoring": "enabled",
              "Name": "photo-sense",
              "Owner": "DevOps",
              "Project": "PhotoSense",
              "Service": "PhotoSenseService",
              "Team": "Backend"
            },
            "tags_all": {
              "Application": "PhotoSense",
              "Contact": "kandarp.canada@gmail.com",
              "Environment": "prod",
              "ManagedBy": "Terraform",
              "Monitoring": "enabled",
              "Name": "photo-sense",
              "Owner": "DevOps",
              "Project": "PhotoSense",
              "Service": "PhotoSenseService",
              "Team": "Backend"
            },
            "task_definition": "arn:aws:ecs:us-east-1:586794477720:task-definition/photosense-prod:35",
            "timeouts": null,
            "triggers": {},
            "volume_configuration": [],
            "vpc_lattice_configurations": [],
            "wait_for_steady_state": false
          },
          "sensitive_attributes": [],
          "private": "eyJlMmJmYjczMC1lY2FhLTExZTYtOGY4OC0zNDM2M2JjN2M0YzAiOnsiY3JlYXRlIjoxMjAwMDAwMDAwMDAwLCJkZWxldGUiOjEyMDAwMDAwMDAwMDAsInVwZGF0ZSI6MTIwMDAwMDAwMDAwMH0sInNjaGVtYV92ZXJzaW9uIjoiMSJ9",
          "dependencies": [
            "module.ecr.aws_ecr_repository.repository",
            "module.ecs.aws_cloudwatch_log_group.ecs",
            "module.ecs.aws_ecs_cluster.main",
            "module.ecs.aws_ecs_task_definition.app",
            "module.ecs.aws_lb.main",
            "module.ecs.aws_lb_listener.http",
            "module.ecs.aws_lb_target_group.app",
            "module.ecs.aws_security_group.ecs_tasks",
            "module.ecs.aws_security_group.lb",
            "module.ecs_iam.aws_iam_role.execution_role",
            "module.ecs_iam.aws_iam_role.task_role",
            "module.vpc.aws_subnet.private",
            "module.vpc.aws_subnet.public",
            "module.vpc.aws_vpc.this",
            "module.vpc.data.aws_availability_zones.available"
          ]
        }
      ]
    },
    {
      "module": "module.ecs",
      "mode": "managed",
      "type": "aws_ecs_task_definition",
      "name": "app",
      "provider": "provider[\"registry.terraform.io/hashicorp/aws\"]",
      "instances": [
        {
          "schema_version": 1,
          "attributes": {
            "arn": "arn:aws:ecs:us-east-1:586794477720:task-definition/photosense-prod:35",
            "arn_without_revision": "arn:aws:ecs:us-east-1:586794477720:task-definition/photosense-prod",
            "container_definitions": "[{\"environment\":[{\"name\":\"NODE_ENV\",\"value\":\"production\"}],\"essential\":true,\"image\":\"586794477720.dkr.ecr.us-east-1.amazonaws.com/photo-sense-prod:v1.2.0\",\"logConfiguration\":{\"logDriver\":\"awslogs\",\"options\":{\"awslogs-group\":\"/ecs/photosense-prod\",\"awslogs-region\":\"us-east-1\",\"awslogs-stream-prefix\":\"ecs\"}},\"mountPoints\":[],\"name\":\"photo-sense\",\"portMappings\":[{\"containerPort\":3000,\"hostPort\":3000,\"protocol\":\"tcp\"}],\"systemControls\":[],\"volumesFrom\":[]}]",
            "cpu": "1024",
            "enable_fault_injection": false,
            "ephemeral_storage": [],
            "execution_role_arn": "arn:aws:iam::586794477720:role/photosense-prod-execution-role",
            "family": "photosense-prod",
            "id": "photosense-prod",
            "inference_accelerator": [],
            "ipc_mode": "",
            "memory": "2048",
            "network_mode": "awsvpc",
            "pid_mode": "",
            "placement_constraints": [],
            "proxy_configuration": [],
            "requires_compatibilities": [
              "FARGATE"
            ],
            "revision": 35,
            "runtime_platform": [],
            "skip_destroy": false,
            "tags": {
              "Application": "PhotoSense",
              "Contact": "kandarp.canada@gmail.com",
              "Environment": "prod",
              "ManagedBy": "Terraform",
              "Monitoring": "enabled",
              "Name": "photo-sense",
              "Owner": "DevOps",
              "Project": "PhotoSense",
              "Service": "PhotoSenseService",
              "Team": "Backend"
            },
            "tags_all": {
              "Application": "PhotoSense",
              "Contact": "kandarp.canada@gmail.com",
              "Environment": "prod",
              "ManagedBy": "Terraform",
              "Monitoring": "enabled",
              "Name": "photo-sense",
              "Owner": "DevOps",
              "Project": "PhotoSense",
              "Service": "PhotoSenseService",
              "Team": "Backend"
            },
            "task_role_arn": "arn:aws:iam::586794477720:role/photosense-prod-task-role",
            "track_latest": false,
            "volume": []
          },
          "sensitive_attributes": [],
          "private": "eyJzY2hlbWFfdmVyc2lvbiI6IjEifQ==",
          "dependencies": [
            "module.ecr.aws_ecr_repository.repository",
            "module.ecs.aws_cloudwatch_log_group.ecs",
            "module.ecs_iam.aws_iam_role.execution_role",
            "module.ecs_iam.aws_iam_role.task_role"
          ]
        }
      ]
    },
    {
      "module": "module.ecs",
      "mode": "managed",
      "type": "aws_lb",
      "name": "main",
      "provider": "provider[\"registry.terraform.io/hashicorp/aws\"]",
      "instances": [
        {
          "schema_version": 0,
          "attributes": {
            "access_logs": [
              {
                "bucket": "",
                "enabled": false,
                "prefix": ""
              }
            ],
            "arn": "arn:aws:elasticloadbalancing:us-east-1:586794477720:loadbalancer/app/photosense-prod/68e78f6bc78dd508",
            "arn_suffix": "app/photosense-prod/68e78f6bc78dd508",
            "client_keep_alive": 3600,
            "connection_logs": [
              {
                "bucket": "",
                "enabled": false,
                "prefix": ""
              }
            ],
            "customer_owned_ipv4_pool": "",
            "desync_mitigation_mode": "defensive",
            "dns_name": "photosense-prod-1723817838.us-east-1.elb.amazonaws.com",
            "dns_record_client_routing_policy": null,
            "drop_invalid_header_fields": false,
            "enable_cross_zone_load_balancing": true,
            "enable_deletion_protection": false,
            "enable_http2": true,
            "enable_tls_version_and_cipher_suite_headers": false,
            "enable_waf_fail_open": false,
            "enable_xff_client_port": false,
            "enable_zonal_shift": false,
            "enforce_security_group_inbound_rules_on_private_link_traffic": "",
            "id": "arn:aws:elasticloadbalancing:us-east-1:586794477720:loadbalancer/app/photosense-prod/68e78f6bc78dd508",
            "idle_timeout": 60,
            "internal": false,
            "ip_address_type": "ipv4",
            "ipam_pools": [],
            "load_balancer_type": "application",
            "name": "photosense-prod",
            "name_prefix": "",
            "preserve_host_header": false,
            "security_groups": [
              "sg-0c5b949018df65c5e"
            ],
            "subnet_mapping": [
              {
                "allocation_id": "",
                "ipv6_address": "",
                "outpost_id": "",
                "private_ipv4_address": "",
                "subnet_id": "subnet-01a8e0487561511f5"
              },
              {
                "allocation_id": "",
                "ipv6_address": "",
                "outpost_id": "",
                "private_ipv4_address": "",
                "subnet_id": "subnet-05e635812bad84464"
              }
            ],
            "subnets": [
              "subnet-01a8e0487561511f5",
              "subnet-05e635812bad84464"
            ],
            "tags": {
              "Application": "PhotoSense",
              "Contact": "kandarp.canada@gmail.com",
              "Environment": "prod",
              "ManagedBy": "Terraform",
              "Monitoring": "enabled",
              "Name": "photo-sense",
              "Owner": "DevOps",
              "Project": "PhotoSense",
              "Service": "PhotoSenseService",
              "Team": "Backend"
            },
            "tags_all": {
              "Application": "PhotoSense",
              "Contact": "kandarp.canada@gmail.com",
              "Environment": "prod",
              "ManagedBy": "Terraform",
              "Monitoring": "enabled",
              "Name": "photo-sense",
              "Owner": "DevOps",
              "Project": "PhotoSense",
              "Service": "PhotoSenseService",
              "Team": "Backend"
            },
            "timeouts": null,
            "vpc_id": "vpc-01135e4c677c8be13",
            "xff_header_processing_mode": "append",
            "zone_id": "Z35SXDOTRQ7X7K"
          },
          "sensitive_attributes": [],
          "private": "eyJlMmJmYjczMC1lY2FhLTExZTYtOGY4OC0zNDM2M2JjN2M0YzAiOnsiY3JlYXRlIjo2MDAwMDAwMDAwMDAsImRlbGV0ZSI6NjAwMDAwMDAwMDAwLCJ1cGRhdGUiOjYwMDAwMDAwMDAwMH19",
          "dependencies": [
            "module.ecs.aws_security_group.lb",
            "module.vpc.aws_subnet.public",
            "module.vpc.aws_vpc.this",
            "module.vpc.data.aws_availability_zones.available"
          ]
        }
      ]
    },
    {
      "module": "module.ecs",
      "mode": "managed",
      "type": "aws_lb_listener",
      "name": "http",
      "provider": "provider[\"registry.terraform.io/hashicorp/aws\"]",
      "instances": [
        {
          "schema_version": 0,
          "attributes": {
            "alpn_policy": null,
            "arn": "arn:aws:elasticloadbalancing:us-east-1:586794477720:listener/app/photosense-prod/68e78f6bc78dd508/dd888a49ae72925d",
            "certificate_arn": null,
            "default_action": [
              {
                "authenticate_cognito": [],
                "authenticate_oidc": [],
                "fixed_response": [],
                "forward": [],
                "order": 1,
                "redirect": [],
                "target_group_arn": "arn:aws:elasticloadbalancing:us-east-1:586794477720:targetgroup/photosense-prod/ad2e78caa1a4308e",
                "type": "forward"
              }
            ],
            "id": "arn:aws:elasticloadbalancing:us-east-1:586794477720:listener/app/photosense-prod/68e78f6bc78dd508/dd888a49ae72925d",
            "load_balancer_arn": "arn:aws:elasticloadbalancing:us-east-1:586794477720:loadbalancer/app/photosense-prod/68e78f6bc78dd508",
            "mutual_authentication": [],
            "port": 80,
            "protocol": "HTTP",
            "routing_http_request_x_amzn_mtls_clientcert_header_name": null,
            "routing_http_request_x_amzn_mtls_clientcert_issuer_header_name": null,
            "routing_http_request_x_amzn_mtls_clientcert_leaf_header_name": null,
            "routing_http_request_x_amzn_mtls_clientcert_serial_number_header_name": null,
            "routing_http_request_x_amzn_mtls_clientcert_subject_header_name": null,
            "routing_http_request_x_amzn_mtls_clientcert_validity_header_name": null,
            "routing_http_request_x_amzn_tls_cipher_suite_header_name": null,
            "routing_http_request_x_amzn_tls_version_header_name": null,
            "routing_http_response_access_control_allow_credentials_header_value": "",
            "routing_http_response_access_control_allow_headers_header_value": "",
            "routing_http_response_access_control_allow_methods_header_value": "",
            "routing_http_response_access_control_allow_origin_header_value": "",
            "routing_http_response_access_control_expose_headers_header_value": "",
            "routing_http_response_access_control_max_age_header_value": "",
            "routing_http_response_content_security_policy_header_value": "",
            "routing_http_response_server_enabled": false,
            "routing_http_response_strict_transport_security_header_value": "",
            "routing_http_response_x_content_type_options_header_value": "",
            "routing_http_response_x_frame_options_header_value": "",
            "ssl_policy": "",
            "tags": {},
            "tags_all": {},
            "tcp_idle_timeout_seconds": null,
            "timeouts": null
          },
          "sensitive_attributes": [],
          "private": "eyJlMmJmYjczMC1lY2FhLTExZTYtOGY4OC0zNDM2M2JjN2M0YzAiOnsiY3JlYXRlIjozMDAwMDAwMDAwMDAsInVwZGF0ZSI6MzAwMDAwMDAwMDAwfX0=",
          "dependencies": [
            "module.ecs.aws_lb.main",
            "module.ecs.aws_lb_target_group.app",
            "module.ecs.aws_security_group.lb",
            "module.vpc.aws_subnet.public",
            "module.vpc.aws_vpc.this",
            "module.vpc.data.aws_availability_zones.available"
          ]
        }
      ]
    },
    {
      "module": "module.ecs",
      "mode": "managed",
      "type": "aws_lb_target_group",
      "name": "app",
      "provider": "provider[\"registry.terraform.io/hashicorp/aws\"]",
      "instances": [
        {
          "schema_version": 0,
          "attributes": {
            "arn": "arn:aws:elasticloadbalancing:us-east-1:586794477720:targetgroup/photosense-prod/ad2e78caa1a4308e",
            "arn_suffix": "targetgroup/photosense-prod/ad2e78caa1a4308e",
            "connection_termination": null,
            "deregistration_delay": "300",
            "health_check": [
              {
                "enabled": true,
                "healthy_threshold": 2,
                "interval": 30,
                "matcher": "200-299",
                "path": "/api/health",
                "port": "traffic-port",
                "protocol": "HTTP",
                "timeout": 3,
                "unhealthy_threshold": 2
              }
            ],
            "id": "arn:aws:elasticloadbalancing:us-east-1:586794477720:targetgroup/photosense-prod/ad2e78caa1a4308e",
            "ip_address_type": "ipv4",
            "lambda_multi_value_headers_enabled": false,
            "load_balancer_arns": [
              "arn:aws:elasticloadbalancing:us-east-1:586794477720:loadbalancer/app/photosense-prod/68e78f6bc78dd508"
            ],
            "load_balancing_algorithm_type": "round_robin",
            "load_balancing_anomaly_mitigation": "off",
            "load_balancing_cross_zone_enabled": "use_load_balancer_configuration",
            "name": "photosense-prod",
            "name_prefix": "",
            "port": 3000,
            "preserve_client_ip": null,
            "protocol": "HTTP",
            "protocol_version": "HTTP1",
            "proxy_protocol_v2": false,
            "slow_start": 0,
            "stickiness": [
              {
                "cookie_duration": 86400,
                "cookie_name": "",
                "enabled": false,
                "type": "lb_cookie"
              }
            ],
            "tags": {
              "Application": "PhotoSense",
              "Contact": "kandarp.canada@gmail.com",
              "Environment": "prod",
              "ManagedBy": "Terraform",
              "Monitoring": "enabled",
              "Name": "photo-sense",
              "Owner": "DevOps",
              "Project": "PhotoSense",
              "Service": "PhotoSenseService",
              "Team": "Backend"
            },
            "tags_all": {
              "Application": "PhotoSense",
              "Contact": "kandarp.canada@gmail.com",
              "Environment": "prod",
              "ManagedBy": "Terraform",
              "Monitoring": "enabled",
              "Name": "photo-sense",
              "Owner": "DevOps",
              "Project": "PhotoSense",
              "Service": "PhotoSenseService",
              "Team": "Backend"
            },
            "target_failover": [
              {
                "on_deregistration": null,
                "on_unhealthy": null
              }
            ],
            "target_group_health": [
              {
                "dns_failover": [
                  {
                    "minimum_healthy_targets_count": "1",
                    "minimum_healthy_targets_percentage": "off"
                  }
                ],
                "unhealthy_state_routing": [
                  {
                    "minimum_healthy_targets_count": 1,
                    "minimum_healthy_targets_percentage": "off"
                  }
                ]
              }
            ],
            "target_health_state": [
              {
                "enable_unhealthy_connection_termination": null,
                "unhealthy_draining_interval": null
              }
            ],
            "target_type": "ip",
            "vpc_id": "vpc-01135e4c677c8be13"
          },
          "sensitive_attributes": [],
          "private": "bnVsbA==",
          "dependencies": [
            "module.vpc.aws_vpc.this"
          ]
        }
      ]
    },
    {
      "module": "module.ecs",
      "mode": "managed",
      "type": "aws_security_group",
      "name": "ecs_tasks",
      "provider": "provider[\"registry.terraform.io/hashicorp/aws\"]",
      "instances": [
        {
          "schema_version": 1,
          "attributes": {
            "arn": "arn:aws:ec2:us-east-1:586794477720:security-group/sg-000aecb0fab860ae0",
            "description": "Controls access to the ECS tasks",
            "egress": [
              {
                "cidr_blocks": [
                  "0.0.0.0/0"
                ],
                "description": "",
                "from_port": 0,
                "ipv6_cidr_blocks": [],
                "prefix_list_ids": [],
                "protocol": "-1",
                "security_groups": [],
                "self": false,
                "to_port": 0
              }
            ],
            "id": "sg-000aecb0fab860ae0",
            "ingress": [
              {
                "cidr_blocks": [],
                "description": "",
                "from_port": 3000,
                "ipv6_cidr_blocks": [],
                "prefix_list_ids": [],
                "protocol": "tcp",
                "security_groups": [
                  "sg-0c5b949018df65c5e"
                ],
                "self": false,
                "to_port": 3000
              }
            ],
            "name": "photosense-prod-tasks-sg",
            "name_prefix": "",
            "owner_id": "586794477720",
            "revoke_rules_on_delete": false,
            "tags": {
              "Application": "PhotoSense",
              "Contact": "kandarp.canada@gmail.com",
              "Environment": "prod",
              "ManagedBy": "Terraform",
              "Monitoring": "enabled",
              "Name": "photo-sense",
              "Owner": "DevOps",
              "Project": "PhotoSense",
              "Service": "PhotoSenseService",
              "Team": "Backend"
            },
            "tags_all": {
              "Application": "PhotoSense",
              "Contact": "kandarp.canada@gmail.com",
              "Environment": "prod",
              "ManagedBy": "Terraform",
              "Monitoring": "enabled",
              "Name": "photo-sense",
              "Owner": "DevOps",
              "Project": "PhotoSense",
              "Service": "PhotoSenseService",
              "Team": "Backend"
            },
            "timeouts": null,
            "vpc_id": "vpc-01135e4c677c8be13"
          },
          "sensitive_attributes": [],
          "private": "eyJlMmJmYjczMC1lY2FhLTExZTYtOGY4OC0zNDM2M2JjN2M0YzAiOnsiY3JlYXRlIjo2MDAwMDAwMDAwMDAsImRlbGV0ZSI6OTAwMDAwMDAwMDAwfSwic2NoZW1hX3ZlcnNpb24iOiIxIn0=",
          "dependencies": [
            "module.ecs.aws_security_group.lb",
            "module.vpc.aws_vpc.this"
          ]
        }
      ]
    },
    {
      "module": "module.ecs",
      "mode": "managed",
      "type": "aws_security_group",
      "name": "lb",
      "provider": "provider[\"registry.terraform.io/hashicorp/aws\"]",
      "instances": [
        {
          "schema_version": 1,
          "attributes": {
            "arn": "arn:aws:ec2:us-east-1:586794477720:security-group/sg-0c5b949018df65c5e",
            "description": "Controls access to the load balancer",
            "egress": [
              {
                "cidr_blocks": [
                  "0.0.0.0/0"
                ],
                "description": "",
                "from_port": 0,
                "ipv6_cidr_blocks": [],
                "prefix_list_ids": [],
                "protocol": "-1",
                "security_groups": [],
                "self": false,
                "to_port": 0
              }
            ],
            "id": "sg-0c5b949018df65c5e",
            "ingress": [
              {
                "cidr_blocks": [
                  "0.0.0.0/0"
                ],
                "description": "",
                "from_port": 80,
                "ipv6_cidr_blocks": [],
                "prefix_list_ids": [],
                "protocol": "tcp",
                "security_groups": [],
                "self": false,
                "to_port": 80
              }
            ],
            "name": "photosense-prod-lb-sg",
            "name_prefix": "",
            "owner_id": "586794477720",
            "revoke_rules_on_delete": false,
            "tags": {
              "Application": "PhotoSense",
              "Contact": "kandarp.canada@gmail.com",
              "Environment": "prod",
              "ManagedBy": "Terraform",
              "Monitoring": "enabled",
              "Name": "photo-sense",
              "Owner": "DevOps",
              "Project": "PhotoSense",
              "Service": "PhotoSenseService",
              "Team": "Backend"
            },
            "tags_all": {
              "Application": "PhotoSense",
              "Contact": "kandarp.canada@gmail.com",
              "Environment": "prod",
              "ManagedBy": "Terraform",
              "Monitoring": "enabled",
              "Name": "photo-sense",
              "Owner": "DevOps",
              "Project": "PhotoSense",
              "Service": "PhotoSenseService",
              "Team": "Backend"
            },
            "timeouts": null,
            "vpc_id": "vpc-01135e4c677c8be13"
          },
          "sensitive_attributes": [],
          "private": "eyJlMmJmYjczMC1lY2FhLTExZTYtOGY4OC0zNDM2M2JjN2M0YzAiOnsiY3JlYXRlIjo2MDAwMDAwMDAwMDAsImRlbGV0ZSI6OTAwMDAwMDAwMDAwfSwic2NoZW1hX3ZlcnNpb24iOiIxIn0=",
          "dependencies": [
            "module.vpc.aws_vpc.this"
          ]
        }
      ]
    },
    {
      "module": "module.ecs_iam",
      "mode": "managed",
      "type": "aws_iam_policy",
      "name": "s3_access",
      "provider": "provider[\"registry.terraform.io/hashicorp/aws\"]",
      "instances": [
        {
          "schema_version": 0,
          "attributes": {
            "arn": "arn:aws:iam::586794477720:policy/photosense-prod-s3-access",
            "attachment_count": 1,
            "description": "Allow access to S3 bucket",
            "id": "arn:aws:iam::586794477720:policy/photosense-prod-s3-access",
            "name": "photosense-prod-s3-access",
            "name_prefix": "",
            "path": "/",
            "policy": "{\"Statement\":[{\"Action\":[\"s3:GetObject\",\"s3:ListBucket\"],\"Effect\":\"Allow\",\"Resource\":[\"arn:aws:s3:::photosense-media-prod\",\"arn:aws:s3:::photosense-media-prod/*\"]}],\"Version\":\"2012-10-17\"}",
            "policy_id": "ANPAYRH5NFCMI33CYNLLO",
            "tags": {},
            "tags_all": {}
          },
          "sensitive_attributes": [],
          "private": "bnVsbA==",
          "dependencies": [
            "module.media_storage.aws_s3_bucket.media_bucket"
          ]
        }
      ]
    },
    {
      "module": "module.ecs_iam",
      "mode": "managed",
      "type": "aws_iam_role",
      "name": "execution_role",
      "provider": "provider[\"registry.terraform.io/hashicorp/aws\"]",
      "instances": [
        {
          "schema_version": 0,
          "attributes": {
            "arn": "arn:aws:iam::586794477720:role/photosense-prod-execution-role",
            "assume_role_policy": "{\"Statement\":[{\"Action\":\"sts:AssumeRole\",\"Effect\":\"Allow\",\"Principal\":{\"Service\":\"ecs-tasks.amazonaws.com\"}}],\"Version\":\"2012-10-17\"}",
            "create_date": "2025-04-19T01:55:47Z",
            "description": "",
            "force_detach_policies": false,
            "id": "photosense-prod-execution-role",
            "inline_policy": [],
            "managed_policy_arns": [
              "arn:aws:iam::aws:policy/service-role/AmazonECSTaskExecutionRolePolicy"
            ],
            "max_session_duration": 3600,
            "name": "photosense-prod-execution-role",
            "name_prefix": "",
            "path": "/",
            "permissions_boundary": "",
            "tags": {
              "Application": "PhotoSense",
              "Contact": "kandarp.canada@gmail.com",
              "Environment": "prod",
              "ManagedBy": "Terraform",
              "Monitoring": "enabled",
              "Name": "photo-sense",
              "Owner": "DevOps",
              "Project": "PhotoSense",
              "Service": "PhotoSenseService",
              "Team": "Backend"
            },
            "tags_all": {
              "Application": "PhotoSense",
              "Contact": "kandarp.canada@gmail.com",
              "Environment": "prod",
              "ManagedBy": "Terraform",
              "Monitoring": "enabled",
              "Name": "photo-sense",
              "Owner": "DevOps",
              "Project": "PhotoSense",
              "Service": "PhotoSenseService",
              "Team": "Backend"
            },
            "unique_id": "AROAYRH5NFCMKJWOZCR5R"
          },
          "sensitive_attributes": [],
          "private": "bnVsbA=="
        }
      ]
    },
    {
      "module": "module.ecs_iam",
      "mode": "managed",
      "type": "aws_iam_role",
      "name": "task_role",
      "provider": "provider[\"registry.terraform.io/hashicorp/aws\"]",
      "instances": [
        {
          "schema_version": 0,
          "attributes": {
            "arn": "arn:aws:iam::586794477720:role/photosense-prod-task-role",
            "assume_role_policy": "{\"Statement\":[{\"Action\":\"sts:AssumeRole\",\"Effect\":\"Allow\",\"Principal\":{\"Service\":\"ecs-tasks.amazonaws.com\"}}],\"Version\":\"2012-10-17\"}",
            "create_date": "2025-04-19T01:55:47Z",
            "description": "",
            "force_detach_policies": false,
            "id": "photosense-prod-task-role",
            "inline_policy": [],
            "managed_policy_arns": [
              "arn:aws:iam::586794477720:policy/photosense-prod-s3-access"
            ],
            "max_session_duration": 3600,
            "name": "photosense-prod-task-role",
            "name_prefix": "",
            "path": "/",
            "permissions_boundary": "",
            "tags": {
              "Application": "PhotoSense",
              "Contact": "kandarp.canada@gmail.com",
              "Environment": "prod",
              "ManagedBy": "Terraform",
              "Monitoring": "enabled",
              "Name": "photo-sense",
              "Owner": "DevOps",
              "Project": "PhotoSense",
              "Service": "PhotoSenseService",
              "Team": "Backend"
            },
            "tags_all": {
              "Application": "PhotoSense",
              "Contact": "kandarp.canada@gmail.com",
              "Environment": "prod",
              "ManagedBy": "Terraform",
              "Monitoring": "enabled",
              "Name": "photo-sense",
              "Owner": "DevOps",
              "Project": "PhotoSense",
              "Service": "PhotoSenseService",
              "Team": "Backend"
            },
            "unique_id": "AROAYRH5NFCMGF5GGFCUT"
          },
          "sensitive_attributes": [],
          "private": "bnVsbA=="
        }
      ]
    },
    {
      "module": "module.ecs_iam",
      "mode": "managed",
      "type": "aws_iam_role_policy_attachment",
      "name": "execution_role_policy",
      "provider": "provider[\"registry.terraform.io/hashicorp/aws\"]",
      "instances": [
        {
          "schema_version": 0,
          "attributes": {
            "id": "photosense-prod-execution-role-20250419015547624300000001",
            "policy_arn": "arn:aws:iam::aws:policy/service-role/AmazonECSTaskExecutionRolePolicy",
            "role": "photosense-prod-execution-role"
          },
          "sensitive_attributes": [],
          "private": "bnVsbA==",
          "dependencies": [
            "module.ecs_iam.aws_iam_role.execution_role"
          ]
        }
      ]
    },
    {
      "module": "module.ecs_iam",
      "mode": "managed",
      "type": "aws_iam_role_policy_attachment",
      "name": "s3_access",
      "provider": "provider[\"registry.terraform.io/hashicorp/aws\"]",
      "instances": [
        {
          "schema_version": 0,
          "attributes": {
            "id": "photosense-prod-task-role-20250419015548510800000002",
            "policy_arn": "arn:aws:iam::586794477720:policy/photosense-prod-s3-access",
            "role": "photosense-prod-task-role"
          },
          "sensitive_attributes": [],
          "private": "bnVsbA==",
          "dependencies": [
            "module.ecs_iam.aws_iam_policy.s3_access",
            "module.ecs_iam.aws_iam_role.task_role",
            "module.media_storage.aws_s3_bucket.media_bucket"
          ]
        }
      ]
    },
    {
      "module": "module.image_metadata_dynamodb",
      "mode": "managed",
      "type": "aws_dynamodb_table",
      "name": "this",
      "provider": "provider[\"registry.terraform.io/hashicorp/aws\"]",
      "instances": [
        {
          "schema_version": 1,
          "attributes": {
            "arn": "arn:aws:dynamodb:us-east-1:586794477720:table/ImageMetadata",
            "attribute": [
              {
                "name": "ImageId",
                "type": "S"
              }
            ],
            "billing_mode": "PAY_PER_REQUEST",
            "deletion_protection_enabled": false,
            "global_secondary_index": [],
            "hash_key": "ImageId",
            "id": "ImageMetadata",
            "import_table": [],
            "local_secondary_index": [],
            "name": "ImageMetadata",
            "on_demand_throughput": [],
            "point_in_time_recovery": [
              {
                "enabled": false
              }
            ],
            "range_key": null,
            "read_capacity": 0,
            "replica": [],
            "restore_date_time": null,
            "restore_source_name": null,
            "restore_source_table_arn": null,
            "restore_to_latest_time": null,
            "server_side_encryption": [],
            "stream_arn": "",
            "stream_enabled": false,
            "stream_label": "",
            "stream_view_type": "",
            "table_class": "STANDARD",
            "tags": {
              "Application": "PhotoSense",
              "Contact": "kandarp.canada@gmail.com",
              "Environment": "prod",
              "ManagedBy": "Terraform",
              "Monitoring": "enabled",
              "Name": "photo-sense",
              "Owner": "DevOps",
              "Project": "PhotoSense",
              "Service": "PhotoSenseService",
              "Team": "Backend"
            },
            "tags_all": {
              "Application": "PhotoSense",
              "Contact": "kandarp.canada@gmail.com",
              "Environment": "prod",
              "ManagedBy": "Terraform",
              "Monitoring": "enabled",
              "Name": "photo-sense",
              "Owner": "DevOps",
              "Project": "PhotoSense",
              "Service": "PhotoSenseService",
              "Team": "Backend"
            },
            "timeouts": null,
            "ttl": [
              {
                "attribute_name": "",
                "enabled": false
              }
            ],
            "write_capacity": 0
          },
          "sensitive_attributes": [],
          "private": "eyJlMmJmYjczMC1lY2FhLTExZTYtOGY4OC0zNDM2M2JjN2M0YzAiOnsiY3JlYXRlIjoxODAwMDAwMDAwMDAwLCJkZWxldGUiOjYwMDAwMDAwMDAwMCwidXBkYXRlIjozNjAwMDAwMDAwMDAwfSwic2NoZW1hX3ZlcnNpb24iOiIxIn0="
        }
      ]
    },
    {
      "module": "module.lambda_iam_role",
      "mode": "data",
      "type": "aws_caller_identity",
      "name": "current",
      "provider": "provider[\"registry.terraform.io/hashicorp/aws\"]",
      "instances": [
        {
          "schema_version": 0,
          "attributes": {
            "account_id": "586794477720",
            "arn": "arn:aws:iam::586794477720:user/photo-sense-admin-user",
            "id": "586794477720",
            "user_id": "AIDAYRH5NFCMKRA6JW2IU"
          },
          "sensitive_attributes": []
        }
      ]
    },
    {
      "module": "module.lambda_iam_role",
      "mode": "managed",
      "type": "aws_iam_policy",
      "name": "cloudwatch_logs",
      "provider": "provider[\"registry.terraform.io/hashicorp/aws\"]",
      "instances": [
        {
          "schema_version": 0,
          "attributes": {
            "arn": "arn:aws:iam::586794477720:policy/s3-trigger-lambda-logs-policy",
            "attachment_count": 1,
            "description": "Allow writing logs to CloudWatch",
            "id": "arn:aws:iam::586794477720:policy/s3-trigger-lambda-logs-policy",
            "name": "s3-trigger-lambda-logs-policy",
            "name_prefix": "",
            "path": "/",
            "policy": "{\"Statement\":[{\"Action\":[\"logs:CreateLogGroup\",\"logs:CreateLogStream\",\"logs:PutLogEvents\"],\"Effect\":\"Allow\",\"Resource\":\"*\"}],\"Version\":\"2012-10-17\"}",
            "policy_id": "ANPAYRH5NFCMFK345TEQT",
            "tags": {},
            "tags_all": {}
          },
          "sensitive_attributes": [],
          "private": "bnVsbA==",
          "dependencies": [
            "module.media_storage.aws_s3_bucket.media_bucket",
            "module.media_storage.aws_s3_bucket_cors_configuration.media_bucket",
            "module.media_storage.aws_s3_bucket_public_access_block.media_bucket",
            "module.media_storage.aws_s3_bucket_server_side_encryption_configuration.media_bucket"
          ]
        }
      ]
    },
    {
      "module": "module.lambda_iam_role",
      "mode": "managed",
      "type": "aws_iam_policy",
      "name": "dynamodb_access",
      "provider": "provider[\"registry.terraform.io/hashicorp/aws\"]",
      "instances": [
        {
          "schema_version": 0,
          "attributes": {
            "arn": "arn:aws:iam::586794477720:policy/s3-trigger-lambda-dynamodb-policy",
            "attachment_count": 1,
            "description": "Allow writing to DynamoDB",
            "id": "arn:aws:iam::586794477720:policy/s3-trigger-lambda-dynamodb-policy",
            "name": "s3-trigger-lambda-dynamodb-policy",
            "name_prefix": "",
            "path": "/",
            "policy": "{\"Statement\":[{\"Action\":[\"dynamodb:PutItem\",\"dynamodb:GetItem\",\"dynamodb:UpdateItem\",\"dynamodb:Query\"],\"Effect\":\"Allow\",\"Resource\":[\"arn:aws:dynamodb:us-east-1:586794477720:table/ImageMetadata\",\"arn:aws:dynamodb:us-east-1:586794477720:table/PhotoSense-Notifications\"]}],\"Version\":\"2012-10-17\"}",
            "policy_id": "ANPAYRH5NFCMGYAA524QH",
            "tags": {},
            "tags_all": {}
          },
          "sensitive_attributes": [],
          "private": "bnVsbA==",
          "dependencies": [
            "module.lambda_iam_role.data.aws_caller_identity.current",
            "module.media_storage.aws_s3_bucket.media_bucket",
            "module.media_storage.aws_s3_bucket_cors_configuration.media_bucket",
            "module.media_storage.aws_s3_bucket_public_access_block.media_bucket",
            "module.media_storage.aws_s3_bucket_server_side_encryption_configuration.media_bucket"
          ]
        }
      ]
    },
    {
      "module": "module.lambda_iam_role",
      "mode": "managed",
      "type": "aws_iam_policy",
      "name": "rekognition_access",
      "provider": "provider[\"registry.terraform.io/hashicorp/aws\"]",
      "instances": [
        {
          "schema_version": 0,
          "attributes": {
            "arn": "arn:aws:iam::586794477720:policy/s3-trigger-lambda-rekognition-policy",
            "attachment_count": 1,
            "description": "Allow using all necessary Rekognition operations",
            "id": "arn:aws:iam::586794477720:policy/s3-trigger-lambda-rekognition-policy",
            "name": "s3-trigger-lambda-rekognition-policy",
            "name_prefix": "",
            "path": "/",
            "policy": "{\"Statement\":[{\"Action\":[\"rekognition:DetectLabels\",\"rekognition:DetectFaces\",\"rekognition:DetectText\",\"rekognition:RecognizeCelebrities\",\"rekognition:DetectModerationLabels\"],\"Effect\":\"Allow\",\"Resource\":\"*\"}],\"Version\":\"2012-10-17\"}",
            "policy_id": "ANPAYRH5NFCMEFVEBPEVK",
            "tags": {},
            "tags_all": {}
          },
          "sensitive_attributes": [],
          "private": "bnVsbA==",
          "dependencies": [
            "module.media_storage.aws_s3_bucket.media_bucket",
            "module.media_storage.aws_s3_bucket_cors_configuration.media_bucket",
            "module.media_storage.aws_s3_bucket_public_access_block.media_bucket",
            "module.media_storage.aws_s3_bucket_server_side_encryption_configuration.media_bucket"
          ]
        }
      ]
    },
    {
      "module": "module.lambda_iam_role",
      "mode": "managed",
      "type": "aws_iam_policy",
      "name": "s3_access",
      "provider": "provider[\"registry.terraform.io/hashicorp/aws\"]",
      "instances": [
        {
          "schema_version": 0,
          "attributes": {
            "arn": "arn:aws:iam::586794477720:policy/s3-trigger-lambda-s3-policy",
            "attachment_count": 1,
            "description": "Allow Lambda to read images from S3",
            "id": "arn:aws:iam::586794477720:policy/s3-trigger-lambda-s3-policy",
            "name": "s3-trigger-lambda-s3-policy",
            "name_prefix": "",
            "path": "/",
            "policy": "{\"Statement\":[{\"Action\":[\"s3:GetObject\",\"s3:GetObjectVersion\",\"s3:GetBucketLocation\",\"s3:ListBucket\"],\"Effect\":\"Allow\",\"Resource\":[\"arn:aws:s3:::photosense-media-prod\",\"arn:aws:s3:::photosense-media-prod/*\"]}],\"Version\":\"2012-10-17\"}",
            "policy_id": "ANPAYRH5NFCMIC5IELZFR",
            "tags": {},
            "tags_all": {}
          },
          "sensitive_attributes": [],
          "private": "bnVsbA==",
          "dependencies": [
            "module.media_storage.aws_s3_bucket.media_bucket",
            "module.media_storage.aws_s3_bucket_cors_configuration.media_bucket",
            "module.media_storage.aws_s3_bucket_public_access_block.media_bucket",
            "module.media_storage.aws_s3_bucket_server_side_encryption_configuration.media_bucket"
          ]
        }
      ]
    },
    {
      "module": "module.lambda_iam_role",
      "mode": "managed",
      "type": "aws_iam_policy",
      "name": "sqs_access",
      "provider": "provider[\"registry.terraform.io/hashicorp/aws\"]",
      "instances": [
        {
          "schema_version": 0,
          "attributes": {
            "arn": "arn:aws:iam::586794477720:policy/s3-trigger-lambda-sqs-policy",
            "attachment_count": 1,
            "description": "Allow creating and managing user SQS queues",
            "id": "arn:aws:iam::586794477720:policy/s3-trigger-lambda-sqs-policy",
            "name": "s3-trigger-lambda-sqs-policy",
            "name_prefix": "",
            "path": "/",
            "policy": "{\"Statement\":[{\"Action\":[\"sqs:CreateQueue\",\"sqs:GetQueueUrl\",\"sqs:GetQueueAttributes\",\"sqs:SetQueueAttributes\",\"sqs:ListQueues\",\"sqs:SendMessage\",\"sqs:ReceiveMessage\",\"sqs:DeleteMessage\"],\"Effect\":\"Allow\",\"Resource\":\"*\"}],\"Version\":\"2012-10-17\"}",
            "policy_id": "ANPAYRH5NFCMMAX73MO3C",
            "tags": {},
            "tags_all": {}
          },
          "sensitive_attributes": [],
          "private": "bnVsbA==",
          "dependencies": [
            "module.media_storage.aws_s3_bucket.media_bucket",
            "module.media_storage.aws_s3_bucket_cors_configuration.media_bucket",
            "module.media_storage.aws_s3_bucket_public_access_block.media_bucket",
            "module.media_storage.aws_s3_bucket_server_side_encryption_configuration.media_bucket"
          ]
        }
      ]
    },
    {
      "module": "module.lambda_iam_role",
      "mode": "managed",
      "type": "aws_iam_role",
      "name": "lambda_exec",
      "provider": "provider[\"registry.terraform.io/hashicorp/aws\"]",
      "instances": [
        {
          "schema_version": 0,
          "attributes": {
            "arn": "arn:aws:iam::586794477720:role/s3-trigger-lambda-role",
            "assume_role_policy": "{\"Statement\":[{\"Action\":\"sts:AssumeRole\",\"Effect\":\"Allow\",\"Principal\":{\"Service\":\"lambda.amazonaws.com\"}}],\"Version\":\"2012-10-17\"}",
            "create_date": "2025-04-19T01:55:48Z",
            "description": "",
            "force_detach_policies": false,
            "id": "s3-trigger-lambda-role",
            "inline_policy": [],
            "managed_policy_arns": [
              "arn:aws:iam::586794477720:policy/s3-trigger-lambda-dynamodb-policy",
              "arn:aws:iam::586794477720:policy/s3-trigger-lambda-logs-policy",
              "arn:aws:iam::586794477720:policy/s3-trigger-lambda-rekognition-policy",
              "arn:aws:iam::586794477720:policy/s3-trigger-lambda-s3-policy",
              "arn:aws:iam::586794477720:policy/s3-trigger-lambda-sqs-policy"
            ],
            "max_session_duration": 3600,
            "name": "s3-trigger-lambda-role",
            "name_prefix": "",
            "path": "/",
            "permissions_boundary": "",
            "tags": {
              "Application": "PhotoSense",
              "Contact": "kandarp.canada@gmail.com",
              "Environment": "prod",
              "ManagedBy": "Terraform",
              "Monitoring": "enabled",
              "Name": "photo-sense",
              "Owner": "DevOps",
              "Project": "PhotoSense",
              "Service": "PhotoSenseService",
              "Team": "Backend"
            },
            "tags_all": {
              "Application": "PhotoSense",
              "Contact": "kandarp.canada@gmail.com",
              "Environment": "prod",
              "ManagedBy": "Terraform",
              "Monitoring": "enabled",
              "Name": "photo-sense",
              "Owner": "DevOps",
              "Project": "PhotoSense",
              "Service": "PhotoSenseService",
              "Team": "Backend"
            },
            "unique_id": "AROAYRH5NFCMNNXIJTBP4"
          },
          "sensitive_attributes": [],
          "private": "bnVsbA==",
          "dependencies": [
            "module.media_storage.aws_s3_bucket.media_bucket",
            "module.media_storage.aws_s3_bucket_cors_configuration.media_bucket",
            "module.media_storage.aws_s3_bucket_public_access_block.media_bucket",
            "module.media_storage.aws_s3_bucket_server_side_encryption_configuration.media_bucket"
          ]
        }
      ]
    },
    {
      "module": "module.lambda_iam_role",
      "mode": "managed",
      "type": "aws_iam_role_policy_attachment",
      "name": "attach_dynamodb",
      "provider": "provider[\"registry.terraform.io/hashicorp/aws\"]",
      "instances": [
        {
          "schema_version": 0,
          "attributes": {
            "id": "s3-trigger-lambda-role-20250419015549336200000006",
            "policy_arn": "arn:aws:iam::586794477720:policy/s3-trigger-lambda-dynamodb-policy",
            "role": "s3-trigger-lambda-role"
          },
          "sensitive_attributes": [],
          "private": "bnVsbA==",
          "dependencies": [
            "module.lambda_iam_role.aws_iam_policy.dynamodb_access",
            "module.lambda_iam_role.aws_iam_role.lambda_exec",
            "module.lambda_iam_role.data.aws_caller_identity.current",
            "module.media_storage.aws_s3_bucket.media_bucket",
            "module.media_storage.aws_s3_bucket_cors_configuration.media_bucket",
            "module.media_storage.aws_s3_bucket_public_access_block.media_bucket",
            "module.media_storage.aws_s3_bucket_server_side_encryption_configuration.media_bucket"
          ]
        }
      ]
    },
    {
      "module": "module.lambda_iam_role",
      "mode": "managed",
      "type": "aws_iam_role_policy_attachment",
      "name": "attach_logs",
      "provider": "provider[\"registry.terraform.io/hashicorp/aws\"]",
      "instances": [
        {
          "schema_version": 0,
          "attributes": {
            "id": "s3-trigger-lambda-role-20250419015549321400000005",
            "policy_arn": "arn:aws:iam::586794477720:policy/s3-trigger-lambda-logs-policy",
            "role": "s3-trigger-lambda-role"
          },
          "sensitive_attributes": [],
          "private": "bnVsbA==",
          "dependencies": [
            "module.lambda_iam_role.aws_iam_policy.cloudwatch_logs",
            "module.lambda_iam_role.aws_iam_role.lambda_exec",
            "module.media_storage.aws_s3_bucket.media_bucket",
            "module.media_storage.aws_s3_bucket_cors_configuration.media_bucket",
            "module.media_storage.aws_s3_bucket_public_access_block.media_bucket",
            "module.media_storage.aws_s3_bucket_server_side_encryption_configuration.media_bucket"
          ]
        }
      ]
    },
    {
      "module": "module.lambda_iam_role",
      "mode": "managed",
      "type": "aws_iam_role_policy_attachment",
      "name": "attach_rekognition",
      "provider": "provider[\"registry.terraform.io/hashicorp/aws\"]",
      "instances": [
        {
          "schema_version": 0,
          "attributes": {
            "id": "s3-trigger-lambda-role-20250419015549163500000003",
            "policy_arn": "arn:aws:iam::586794477720:policy/s3-trigger-lambda-rekognition-policy",
            "role": "s3-trigger-lambda-role"
          },
          "sensitive_attributes": [],
          "private": "bnVsbA==",
          "dependencies": [
            "module.lambda_iam_role.aws_iam_policy.rekognition_access",
            "module.lambda_iam_role.aws_iam_role.lambda_exec",
            "module.media_storage.aws_s3_bucket.media_bucket",
            "module.media_storage.aws_s3_bucket_cors_configuration.media_bucket",
            "module.media_storage.aws_s3_bucket_public_access_block.media_bucket",
            "module.media_storage.aws_s3_bucket_server_side_encryption_configuration.media_bucket"
          ]
        }
      ]
    },
    {
      "module": "module.lambda_iam_role",
      "mode": "managed",
      "type": "aws_iam_role_policy_attachment",
      "name": "attach_s3",
      "provider": "provider[\"registry.terraform.io/hashicorp/aws\"]",
      "instances": [
        {
          "schema_version": 0,
          "attributes": {
            "id": "s3-trigger-lambda-role-20250419015549354400000007",
            "policy_arn": "arn:aws:iam::586794477720:policy/s3-trigger-lambda-s3-policy",
            "role": "s3-trigger-lambda-role"
          },
          "sensitive_attributes": [],
          "private": "bnVsbA==",
          "dependencies": [
            "module.lambda_iam_role.aws_iam_policy.s3_access",
            "module.lambda_iam_role.aws_iam_role.lambda_exec",
            "module.media_storage.aws_s3_bucket.media_bucket",
            "module.media_storage.aws_s3_bucket_cors_configuration.media_bucket",
            "module.media_storage.aws_s3_bucket_public_access_block.media_bucket",
            "module.media_storage.aws_s3_bucket_server_side_encryption_configuration.media_bucket"
          ]
        }
      ]
    },
    {
      "module": "module.lambda_iam_role",
      "mode": "managed",
      "type": "aws_iam_role_policy_attachment",
      "name": "attach_sqs",
      "provider": "provider[\"registry.terraform.io/hashicorp/aws\"]",
      "instances": [
        {
          "schema_version": 0,
          "attributes": {
            "id": "s3-trigger-lambda-role-20250419015549284600000004",
            "policy_arn": "arn:aws:iam::586794477720:policy/s3-trigger-lambda-sqs-policy",
            "role": "s3-trigger-lambda-role"
          },
          "sensitive_attributes": [],
          "private": "bnVsbA==",
          "dependencies": [
            "module.lambda_iam_role.aws_iam_policy.sqs_access",
            "module.lambda_iam_role.aws_iam_role.lambda_exec",
            "module.media_storage.aws_s3_bucket.media_bucket",
            "module.media_storage.aws_s3_bucket_cors_configuration.media_bucket",
            "module.media_storage.aws_s3_bucket_public_access_block.media_bucket",
            "module.media_storage.aws_s3_bucket_server_side_encryption_configuration.media_bucket"
          ]
        }
      ]
    },
    {
      "module": "module.lambda_s3_trigger",
      "mode": "data",
      "type": "archive_file",
      "name": "lambda_zip",
      "provider": "provider[\"registry.terraform.io/hashicorp/archive\"]",
      "instances": [
        {
          "schema_version": 0,
          "attributes": {
            "exclude_symlink_directories": null,
            "excludes": null,
            "id": "d7c704dde525d546d12387ce377f6ff3d2c81418",
            "output_base64sha256": "O50KEg4twshAJSGfJNq31WTOY3m3N12gBQhbcj2+3TA=",
            "output_base64sha512": "VlfjYRNIXSiA/mSSKbY39+LaRcgYrqWKTSZ5I3Ts5HFww9o5SYPj0fY/stcSMa7UQucyQQmXMcl6imQsZgZZbA==",
            "output_file_mode": null,
            "output_md5": "a9e49c3a5ccc990e4c53f4ecd4381671",
            "output_path": "modules/lambda_s3_trigger/lambda.zip",
            "output_sha": "d7c704dde525d546d12387ce377f6ff3d2c81418",
            "output_sha256": "3b9d0a120e2dc2c84025219f24dab7d564ce6379b7375da005085b723dbedd30",
            "output_sha512": "5657e36113485d2880fe649229b637f7e2da45c818aea58a4d26792374ece47170c3da394983e3d1f63fb2d71231aed442e73241099731c97a8a642c6606596c",
            "output_size": 2256,
            "source": [],
            "source_content": null,
            "source_content_filename": null,
            "source_dir": "modules/lambda_s3_trigger/lambda_code",
            "source_file": null,
            "type": "zip"
          },
          "sensitive_attributes": []
        }
      ]
    },
    {
      "module": "module.lambda_s3_trigger",
      "mode": "managed",
      "type": "aws_cloudwatch_log_group",
      "name": "lambda",
      "provider": "provider[\"registry.terraform.io/hashicorp/aws\"]",
      "instances": [
        {
          "schema_version": 0,
          "attributes": {
            "arn": "arn:aws:logs:us-east-1:586794477720:log-group:/aws/lambda/s3-trigger-lambda",
            "id": "/aws/lambda/s3-trigger-lambda",
            "kms_key_id": "",
            "log_group_class": "STANDARD",
            "name": "/aws/lambda/s3-trigger-lambda",
            "name_prefix": "",
            "retention_in_days": 7,
            "skip_destroy": false,
            "tags": {
              "Application": "PhotoSense",
              "Contact": "kandarp.canada@gmail.com",
              "Environment": "prod",
              "ManagedBy": "Terraform",
              "Monitoring": "enabled",
              "Name": "photo-sense",
              "Owner": "DevOps",
              "Project": "PhotoSense",
              "Service": "PhotoSenseService",
              "Team": "Backend"
            },
            "tags_all": {
              "Application": "PhotoSense",
              "Contact": "kandarp.canada@gmail.com",
              "Environment": "prod",
              "ManagedBy": "Terraform",
              "Monitoring": "enabled",
              "Name": "photo-sense",
              "Owner": "DevOps",
              "Project": "PhotoSense",
              "Service": "PhotoSenseService",
              "Team": "Backend"
            }
          },
          "sensitive_attributes": [],
          "private": "bnVsbA==",
          "dependencies": [
            "module.media_storage.aws_s3_bucket.media_bucket",
            "module.media_storage.aws_s3_bucket_cors_configuration.media_bucket",
            "module.media_storage.aws_s3_bucket_public_access_block.media_bucket",
            "module.media_storage.aws_s3_bucket_server_side_encryption_configuration.media_bucket"
          ]
        }
      ]
    },
    {
      "module": "module.lambda_s3_trigger",
      "mode": "managed",
      "type": "aws_lambda_function",
      "name": "this",
      "provider": "provider[\"registry.terraform.io/hashicorp/aws\"]",
      "instances": [
        {
          "schema_version": 0,
          "attributes": {
            "architectures": [
              "x86_64"
            ],
            "arn": "arn:aws:lambda:us-east-1:586794477720:function:s3-trigger-lambda",
            "code_sha256": "O50KEg4twshAJSGfJNq31WTOY3m3N12gBQhbcj2+3TA=",
            "code_signing_config_arn": "",
            "dead_letter_config": [],
            "description": "",
            "environment": [
              {
                "variables": {
                  "DYNAMODB_TABLE_NAME": "ImageMetadata",
                  "NOTIFICATIONS_TABLE_NAME": "PhotoSense-Notifications",
                  "SQS_QUEUE_PREFIX": "user-notify-"
                }
              }
            ],
            "ephemeral_storage": [
              {
                "size": 512
              }
            ],
            "file_system_config": [],
            "filename": "modules/lambda_s3_trigger/lambda.zip",
            "function_name": "s3-trigger-lambda",
            "handler": "index.handler",
            "id": "s3-trigger-lambda",
            "image_config": [],
            "image_uri": "",
            "invoke_arn": "arn:aws:apigateway:us-east-1:lambda:path/2015-03-31/functions/arn:aws:lambda:us-east-1:586794477720:function:s3-trigger-lambda/invocations",
            "kms_key_arn": "",
            "last_modified": "2025-04-19T01:55:58.044+0000",
            "layers": [],
            "logging_config": [
              {
                "application_log_level": "",
                "log_format": "Text",
                "log_group": "/aws/lambda/s3-trigger-lambda",
                "system_log_level": ""
              }
            ],
            "memory_size": 128,
            "package_type": "Zip",
            "publish": false,
            "qualified_arn": "arn:aws:lambda:us-east-1:586794477720:function:s3-trigger-lambda:$LATEST",
            "qualified_invoke_arn": "arn:aws:apigateway:us-east-1:lambda:path/2015-03-31/functions/arn:aws:lambda:us-east-1:586794477720:function:s3-trigger-lambda:$LATEST/invocations",
            "replace_security_groups_on_destroy": null,
            "replacement_security_group_ids": null,
            "reserved_concurrent_executions": -1,
            "role": "arn:aws:iam::586794477720:role/s3-trigger-lambda-role",
            "runtime": "python3.9",
            "s3_bucket": null,
            "s3_key": null,
            "s3_object_version": null,
            "signing_job_arn": "",
            "signing_profile_version_arn": "",
            "skip_destroy": false,
            "snap_start": [],
            "source_code_hash": "O50KEg4twshAJSGfJNq31WTOY3m3N12gBQhbcj2+3TA=",
            "source_code_size": 2256,
            "tags": {
              "Application": "PhotoSense",
              "Contact": "kandarp.canada@gmail.com",
              "Environment": "prod",
              "ManagedBy": "Terraform",
              "Monitoring": "enabled",
              "Name": "photo-sense",
              "Owner": "DevOps",
              "Project": "PhotoSense",
              "Service": "PhotoSenseService",
              "Team": "Backend"
            },
            "tags_all": {
              "Application": "PhotoSense",
              "Contact": "kandarp.canada@gmail.com",
              "Environment": "prod",
              "ManagedBy": "Terraform",
              "Monitoring": "enabled",
              "Name": "photo-sense",
              "Owner": "DevOps",
              "Project": "PhotoSense",
              "Service": "PhotoSenseService",
              "Team": "Backend"
            },
            "timeout": 3,
            "timeouts": null,
            "tracing_config": [
              {
                "mode": "PassThrough"
              }
            ],
            "version": "$LATEST",
            "vpc_config": []
          },
          "sensitive_attributes": [],
          "private": "eyJlMmJmYjczMC1lY2FhLTExZTYtOGY4OC0zNDM2M2JjN2M0YzAiOnsiY3JlYXRlIjo2MDAwMDAwMDAwMDAsImRlbGV0ZSI6NjAwMDAwMDAwMDAwLCJ1cGRhdGUiOjYwMDAwMDAwMDAwMH19",
          "dependencies": [
            "module.lambda_iam_role.aws_iam_role.lambda_exec",
            "module.lambda_s3_trigger.aws_cloudwatch_log_group.lambda",
            "module.lambda_s3_trigger.data.archive_file.lambda_zip",
            "module.media_storage.aws_s3_bucket.media_bucket",
            "module.media_storage.aws_s3_bucket_cors_configuration.media_bucket",
            "module.media_storage.aws_s3_bucket_public_access_block.media_bucket",
            "module.media_storage.aws_s3_bucket_server_side_encryption_configuration.media_bucket"
          ]
        }
      ]
    },
    {
      "module": "module.lambda_s3_trigger",
      "mode": "managed",
      "type": "aws_lambda_permission",
      "name": "allow_s3",
      "provider": "provider[\"registry.terraform.io/hashicorp/aws\"]",
      "instances": [
        {
          "schema_version": 0,
          "attributes": {
            "action": "lambda:InvokeFunction",
            "event_source_token": null,
            "function_name": "s3-trigger-lambda",
            "function_url_auth_type": null,
            "id": "AllowExecutionFromS3",
            "principal": "s3.amazonaws.com",
            "principal_org_id": null,
            "qualifier": "",
            "source_account": null,
            "source_arn": "arn:aws:s3:::photosense-media-prod",
            "statement_id": "AllowExecutionFromS3",
            "statement_id_prefix": ""
          },
          "sensitive_attributes": [],
          "private": "bnVsbA==",
          "dependencies": [
            "module.lambda_iam_role.aws_iam_role.lambda_exec",
            "module.lambda_s3_trigger.aws_cloudwatch_log_group.lambda",
            "module.lambda_s3_trigger.aws_lambda_function.this",
            "module.lambda_s3_trigger.data.archive_file.lambda_zip",
            "module.media_storage.aws_s3_bucket.media_bucket",
            "module.media_storage.aws_s3_bucket_cors_configuration.media_bucket",
            "module.media_storage.aws_s3_bucket_public_access_block.media_bucket",
            "module.media_storage.aws_s3_bucket_server_side_encryption_configuration.media_bucket"
          ]
        }
      ]
    },
    {
      "module": "module.lambda_s3_trigger",
      "mode": "managed",
      "type": "aws_s3_bucket_notification",
      "name": "lambda_trigger",
      "provider": "provider[\"registry.terraform.io/hashicorp/aws\"]",
      "instances": [
        {
          "schema_version": 0,
          "attributes": {
            "bucket": "photosense-media-prod",
            "eventbridge": false,
            "id": "photosense-media-prod",
            "lambda_function": [
              {
                "events": [
                  "s3:ObjectCreated:*"
                ],
                "filter_prefix": "users/",
                "filter_suffix": "",
                "id": "tf-s3-lambda-20250419015603954800000009",
                "lambda_function_arn": "arn:aws:lambda:us-east-1:586794477720:function:s3-trigger-lambda"
              }
            ],
            "queue": [],
            "topic": []
          },
          "sensitive_attributes": [],
          "private": "bnVsbA==",
          "dependencies": [
            "module.lambda_iam_role.aws_iam_role.lambda_exec",
            "module.lambda_s3_trigger.aws_cloudwatch_log_group.lambda",
            "module.lambda_s3_trigger.aws_lambda_function.this",
            "module.lambda_s3_trigger.aws_lambda_permission.allow_s3",
            "module.lambda_s3_trigger.data.archive_file.lambda_zip",
            "module.media_storage.aws_s3_bucket.media_bucket",
            "module.media_storage.aws_s3_bucket_cors_configuration.media_bucket",
            "module.media_storage.aws_s3_bucket_public_access_block.media_bucket",
            "module.media_storage.aws_s3_bucket_server_side_encryption_configuration.media_bucket"
          ]
        }
      ]
    },
    {
      "module": "module.media_storage",
      "mode": "managed",
      "type": "aws_s3_bucket",
      "name": "media_bucket",
      "provider": "provider[\"registry.terraform.io/hashicorp/aws\"]",
      "instances": [
        {
          "schema_version": 0,
          "attributes": {
            "acceleration_status": "",
            "acl": null,
            "arn": "arn:aws:s3:::photosense-media-prod",
            "bucket": "photosense-media-prod",
            "bucket_domain_name": "photosense-media-prod.s3.amazonaws.com",
            "bucket_prefix": "",
            "bucket_regional_domain_name": "photosense-media-prod.s3.us-east-1.amazonaws.com",
            "cors_rule": [
              {
                "allowed_headers": [
                  "*"
                ],
                "allowed_methods": [
                  "POST",
                  "GET",
                  "HEAD",
                  "DELETE",
                  "PUT"
                ],
                "allowed_origins": [
                  "*"
                ],
                "expose_headers": [
                  "ETag"
                ],
                "max_age_seconds": 3000
              }
            ],
            "force_destroy": true,
            "grant": [
              {
                "id": "6eafcea172a2389e124f10de863e6683934b022fef8fe14a9ea77641c1b3b2fd",
                "permissions": [
                  "FULL_CONTROL"
                ],
                "type": "CanonicalUser",
                "uri": ""
              }
            ],
            "hosted_zone_id": "Z3AQBSTGFYJSTF",
            "id": "photosense-media-prod",
            "lifecycle_rule": [],
            "logging": [],
            "object_lock_configuration": [],
            "object_lock_enabled": false,
            "policy": "",
            "region": "us-east-1",
            "replication_configuration": [],
            "request_payer": "BucketOwner",
            "server_side_encryption_configuration": [
              {
                "rule": [
                  {
                    "apply_server_side_encryption_by_default": [
                      {
                        "kms_master_key_id": "",
                        "sse_algorithm": "AES256"
                      }
                    ],
                    "bucket_key_enabled": false
                  }
                ]
              }
            ],
            "tags": {
              "Environment": "prod",
              "Name": "Media Storage - prod"
            },
            "tags_all": {
              "Environment": "prod",
              "Name": "Media Storage - prod"
            },
            "timeouts": null,
            "versioning": [
              {
                "enabled": false,
                "mfa_delete": false
              }
            ],
            "website": [],
            "website_domain": null,
            "website_endpoint": null
          },
          "sensitive_attributes": [],
          "private": "eyJlMmJmYjczMC1lY2FhLTExZTYtOGY4OC0zNDM2M2JjN2M0YzAiOnsiY3JlYXRlIjoxMjAwMDAwMDAwMDAwLCJkZWxldGUiOjM2MDAwMDAwMDAwMDAsInJlYWQiOjEyMDAwMDAwMDAwMDAsInVwZGF0ZSI6MTIwMDAwMDAwMDAwMH19"
        }
      ]
    },
    {
      "module": "module.media_storage",
      "mode": "managed",
      "type": "aws_s3_bucket_cors_configuration",
      "name": "media_bucket",
      "provider": "provider[\"registry.terraform.io/hashicorp/aws\"]",
      "instances": [
        {
          "schema_version": 0,
          "attributes": {
            "bucket": "photosense-media-prod",
            "cors_rule": [
              {
                "allowed_headers": [
                  "*"
                ],
                "allowed_methods": [
                  "DELETE",
                  "GET",
                  "HEAD",
                  "POST",
                  "PUT"
                ],
                "allowed_origins": [
                  "*"
                ],
                "expose_headers": [
                  "ETag"
                ],
                "id": "",
                "max_age_seconds": 3000
              }
            ],
            "expected_bucket_owner": "",
            "id": "photosense-media-prod"
          },
          "sensitive_attributes": [],
          "private": "bnVsbA==",
          "dependencies": [
            "module.media_storage.aws_s3_bucket.media_bucket"
          ]
        }
      ]
    },
    {
      "module": "module.media_storage",
      "mode": "managed",
      "type": "aws_s3_bucket_public_access_block",
      "name": "media_bucket",
      "provider": "provider[\"registry.terraform.io/hashicorp/aws\"]",
      "instances": [
        {
          "schema_version": 0,
          "attributes": {
            "block_public_acls": true,
            "block_public_policy": true,
            "bucket": "photosense-media-prod",
            "id": "photosense-media-prod",
            "ignore_public_acls": true,
            "restrict_public_buckets": true
          },
          "sensitive_attributes": [],
          "private": "bnVsbA==",
          "dependencies": [
            "module.media_storage.aws_s3_bucket.media_bucket"
          ]
        }
      ]
    },
    {
      "module": "module.media_storage",
      "mode": "managed",
      "type": "aws_s3_bucket_server_side_encryption_configuration",
      "name": "media_bucket",
      "provider": "provider[\"registry.terraform.io/hashicorp/aws\"]",
      "instances": [
        {
          "schema_version": 0,
          "attributes": {
            "bucket": "photosense-media-prod",
            "expected_bucket_owner": "",
            "id": "photosense-media-prod",
            "rule": [
              {
                "apply_server_side_encryption_by_default": [
                  {
                    "kms_master_key_id": "",
                    "sse_algorithm": "AES256"
                  }
                ],
                "bucket_key_enabled": false
              }
            ]
          },
          "sensitive_attributes": [],
          "private": "bnVsbA==",
          "dependencies": [
            "module.media_storage.aws_s3_bucket.media_bucket"
          ]
        }
      ]
    },
    {
      "module": "module.notifications_dynamodb",
      "mode": "managed",
      "type": "aws_dynamodb_table",
      "name": "this",
      "provider": "provider[\"registry.terraform.io/hashicorp/aws\"]",
      "instances": [
        {
          "schema_version": 1,
          "attributes": {
            "arn": "arn:aws:dynamodb:us-east-1:586794477720:table/PhotoSense-Notifications",
            "attribute": [
              {
                "name": "NotificationId",
                "type": "S"
              },
              {
                "name": "UserId",
                "type": "S"
              }
            ],
            "billing_mode": "PAY_PER_REQUEST",
            "deletion_protection_enabled": false,
            "global_secondary_index": [],
            "hash_key": "UserId",
            "id": "PhotoSense-Notifications",
            "import_table": [],
            "local_secondary_index": [],
            "name": "PhotoSense-Notifications",
            "on_demand_throughput": [],
            "point_in_time_recovery": [
              {
                "enabled": false
              }
            ],
            "range_key": "NotificationId",
            "read_capacity": 0,
            "replica": [],
            "restore_date_time": null,
            "restore_source_name": null,
            "restore_source_table_arn": null,
            "restore_to_latest_time": null,
            "server_side_encryption": [],
            "stream_arn": "",
            "stream_enabled": false,
            "stream_label": "",
            "stream_view_type": "",
            "table_class": "STANDARD",
            "tags": {
              "Application": "PhotoSense",
              "Contact": "kandarp.canada@gmail.com",
              "Environment": "prod",
              "ManagedBy": "Terraform",
              "Monitoring": "enabled",
              "Name": "photo-sense",
              "Owner": "DevOps",
              "Project": "PhotoSense",
              "Service": "PhotoSenseService",
              "Team": "Backend"
            },
            "tags_all": {
              "Application": "PhotoSense",
              "Contact": "kandarp.canada@gmail.com",
              "Environment": "prod",
              "ManagedBy": "Terraform",
              "Monitoring": "enabled",
              "Name": "photo-sense",
              "Owner": "DevOps",
              "Project": "PhotoSense",
              "Service": "PhotoSenseService",
              "Team": "Backend"
            },
            "timeouts": null,
            "ttl": [
              {
                "attribute_name": "",
                "enabled": false
              }
            ],
            "write_capacity": 0
          },
          "sensitive_attributes": [],
          "private": "eyJlMmJmYjczMC1lY2FhLTExZTYtOGY4OC0zNDM2M2JjN2M0YzAiOnsiY3JlYXRlIjoxODAwMDAwMDAwMDAwLCJkZWxldGUiOjYwMDAwMDAwMDAwMCwidXBkYXRlIjozNjAwMDAwMDAwMDAwfSwic2NoZW1hX3ZlcnNpb24iOiIxIn0="
        }
      ]
    },
    {
      "module": "module.supabase_auth_settings",
      "mode": "managed",
      "type": "supabase_settings",
      "name": "auth",
      "provider": "module.supabase_auth_settings.provider[\"registry.terraform.io/supabase/supabase\"]",
      "instances": [
        {
          "schema_version": 0,
          "attributes": {
            "api": null,
            "auth": "{\"redirect_urls\":[\"https://photosense-prod\",\"https://photosense-prod/login/callback\"],\"site_url\":\"https://photosense-prod\"}",
            "database": null,
            "id": "ieplmkmrqwwvixexjwhh",
            "network": null,
            "pooler": null,
            "project_ref": "ieplmkmrqwwvixexjwhh",
            "storage": null
          },
          "sensitive_attributes": []
        }
      ]
    },
    {
      "module": "module.user_details_dynamodb",
      "mode": "managed",
      "type": "aws_dynamodb_table",
      "name": "this",
      "provider": "provider[\"registry.terraform.io/hashicorp/aws\"]",
      "instances": [
        {
          "schema_version": 1,
          "attributes": {
            "arn": "arn:aws:dynamodb:us-east-1:586794477720:table/UserDetails",
            "attribute": [
              {
                "name": "Email",
                "type": "S"
              }
            ],
            "billing_mode": "PAY_PER_REQUEST",
            "deletion_protection_enabled": false,
            "global_secondary_index": [],
            "hash_key": "Email",
            "id": "UserDetails",
            "import_table": [],
            "local_secondary_index": [],
            "name": "UserDetails",
            "on_demand_throughput": [],
            "point_in_time_recovery": [
              {
                "enabled": false
              }
            ],
            "range_key": null,
            "read_capacity": 0,
            "replica": [],
            "restore_date_time": null,
            "restore_source_name": null,
            "restore_source_table_arn": null,
            "restore_to_latest_time": null,
            "server_side_encryption": [],
            "stream_arn": "",
            "stream_enabled": false,
            "stream_label": "",
            "stream_view_type": "",
            "table_class": "STANDARD",
            "tags": {
              "Application": "PhotoSense",
              "Contact": "kandarp.canada@gmail.com",
              "Environment": "prod",
              "ManagedBy": "Terraform",
              "Monitoring": "enabled",
              "Name": "photo-sense",
              "Owner": "DevOps",
              "Project": "PhotoSense",
              "Service": "PhotoSenseService",
              "Team": "Backend"
            },
            "tags_all": {
              "Application": "PhotoSense",
              "Contact": "kandarp.canada@gmail.com",
              "Environment": "prod",
              "ManagedBy": "Terraform",
              "Monitoring": "enabled",
              "Name": "photo-sense",
              "Owner": "DevOps",
              "Project": "PhotoSense",
              "Service": "PhotoSenseService",
              "Team": "Backend"
            },
            "timeouts": null,
            "ttl": [
              {
                "attribute_name": "",
                "enabled": false
              }
            ],
            "write_capacity": 0
          },
          "sensitive_attributes": [],
          "private": "eyJlMmJmYjczMC1lY2FhLTExZTYtOGY4OC0zNDM2M2JjN2M0YzAiOnsiY3JlYXRlIjoxODAwMDAwMDAwMDAwLCJkZWxldGUiOjYwMDAwMDAwMDAwMCwidXBkYXRlIjozNjAwMDAwMDAwMDAwfSwic2NoZW1hX3ZlcnNpb24iOiIxIn0="
        }
      ]
    },
    {
      "module": "module.vpc",
      "mode": "data",
      "type": "aws_availability_zones",
      "name": "available",
      "provider": "provider[\"registry.terraform.io/hashicorp/aws\"]",
      "instances": [
        {
          "schema_version": 0,
          "attributes": {
            "all_availability_zones": null,
            "exclude_names": null,
            "exclude_zone_ids": null,
            "filter": null,
            "group_names": [
              "us-east-1-zg-1"
            ],
            "id": "us-east-1",
            "names": [
              "us-east-1a",
              "us-east-1b",
              "us-east-1c",
              "us-east-1d",
              "us-east-1e",
              "us-east-1f"
            ],
            "state": "available",
            "timeouts": null,
            "zone_ids": [
              "use1-az6",
              "use1-az1",
              "use1-az2",
              "use1-az4",
              "use1-az3",
              "use1-az5"
            ]
          },
          "sensitive_attributes": []
        }
      ]
    },
    {
      "module": "module.vpc",
      "mode": "managed",
      "type": "aws_eip",
      "name": "nat",
      "provider": "provider[\"registry.terraform.io/hashicorp/aws\"]",
      "instances": [
        {
          "schema_version": 0,
          "attributes": {
            "address": null,
            "allocation_id": "eipalloc-0cc15decd0a4ea47c",
            "arn": "arn:aws:ec2:us-east-1:586794477720:elastic-ip/eipalloc-0cc15decd0a4ea47c",
            "associate_with_private_ip": null,
            "association_id": "eipassoc-03402308e545af412",
            "carrier_ip": "",
            "customer_owned_ip": "",
            "customer_owned_ipv4_pool": "",
            "domain": "vpc",
            "id": "eipalloc-0cc15decd0a4ea47c",
            "instance": "",
            "ipam_pool_id": null,
            "network_border_group": "us-east-1",
            "network_interface": "eni-07918a23160e38da1",
            "private_dns": "ip-10-0-1-69.ec2.internal",
            "private_ip": "10.0.1.69",
            "ptr_record": "",
            "public_dns": "ec2-54-165-7-49.compute-1.amazonaws.com",
            "public_ip": "54.165.7.49",
            "public_ipv4_pool": "amazon",
            "tags": {
              "Name": "photosense-nat-eip"
            },
            "tags_all": {
              "Name": "photosense-nat-eip"
            },
            "timeouts": null,
            "vpc": true
          },
          "sensitive_attributes": [],
          "private": "eyJlMmJmYjczMC1lY2FhLTExZTYtOGY4OC0zNDM2M2JjN2M0YzAiOnsiZGVsZXRlIjoxODAwMDAwMDAwMDAsInJlYWQiOjkwMDAwMDAwMDAwMCwidXBkYXRlIjozMDAwMDAwMDAwMDB9fQ=="
        }
      ]
    },
    {
      "module": "module.vpc",
      "mode": "managed",
      "type": "aws_internet_gateway",
      "name": "this",
      "provider": "provider[\"registry.terraform.io/hashicorp/aws\"]",
      "instances": [
        {
          "schema_version": 0,
          "attributes": {
            "arn": "arn:aws:ec2:us-east-1:586794477720:internet-gateway/igw-06e5f04a4dd88f6d9",
            "id": "igw-06e5f04a4dd88f6d9",
            "owner_id": "586794477720",
            "tags": {
              "Name": "photosense-igw"
            },
            "tags_all": {
              "Name": "photosense-igw"
            },
            "timeouts": null,
            "vpc_id": "vpc-01135e4c677c8be13"
          },
          "sensitive_attributes": [],
          "private": "eyJlMmJmYjczMC1lY2FhLTExZTYtOGY4OC0zNDM2M2JjN2M0YzAiOnsiY3JlYXRlIjoxMjAwMDAwMDAwMDAwLCJkZWxldGUiOjEyMDAwMDAwMDAwMDAsInVwZGF0ZSI6MTIwMDAwMDAwMDAwMH19",
          "dependencies": [
            "module.vpc.aws_vpc.this"
          ]
        }
      ]
    },
    {
      "module": "module.vpc",
      "mode": "managed",
      "type": "aws_nat_gateway",
      "name": "this",
      "provider": "provider[\"registry.terraform.io/hashicorp/aws\"]",
      "instances": [
        {
          "schema_version": 0,
          "attributes": {
            "allocation_id": "eipalloc-0cc15decd0a4ea47c",
            "association_id": "eipassoc-03402308e545af412",
            "connectivity_type": "public",
            "id": "nat-0be982449e06c3086",
            "network_interface_id": "eni-07918a23160e38da1",
            "private_ip": "10.0.1.69",
            "public_ip": "54.165.7.49",
            "secondary_allocation_ids": [],
            "secondary_private_ip_address_count": 0,
            "secondary_private_ip_addresses": [],
            "subnet_id": "subnet-01a8e0487561511f5",
            "tags": {
              "Name": "photosense-nat"
            },
            "tags_all": {
              "Name": "photosense-nat"
            },
            "timeouts": null
          },
          "sensitive_attributes": [],
          "private": "eyJlMmJmYjczMC1lY2FhLTExZTYtOGY4OC0zNDM2M2JjN2M0YzAiOnsiY3JlYXRlIjo2MDAwMDAwMDAwMDAsImRlbGV0ZSI6MTgwMDAwMDAwMDAwMCwidXBkYXRlIjo2MDAwMDAwMDAwMDB9fQ==",
          "dependencies": [
            "module.vpc.aws_eip.nat",
            "module.vpc.aws_internet_gateway.this",
            "module.vpc.aws_subnet.public",
            "module.vpc.aws_vpc.this",
            "module.vpc.data.aws_availability_zones.available"
          ]
        }
      ]
    },
    {
      "module": "module.vpc",
      "mode": "managed",
      "type": "aws_route_table",
      "name": "private",
      "provider": "provider[\"registry.terraform.io/hashicorp/aws\"]",
      "instances": [
        {
          "schema_version": 0,
          "attributes": {
            "arn": "arn:aws:ec2:us-east-1:586794477720:route-table/rtb-07d0ddb94935e9290",
            "id": "rtb-07d0ddb94935e9290",
            "owner_id": "586794477720",
            "propagating_vgws": [],
            "route": [
              {
                "carrier_gateway_id": "",
                "cidr_block": "0.0.0.0/0",
                "core_network_arn": "",
                "destination_prefix_list_id": "",
                "egress_only_gateway_id": "",
                "gateway_id": "",
                "ipv6_cidr_block": "",
                "local_gateway_id": "",
                "nat_gateway_id": "nat-0be982449e06c3086",
                "network_interface_id": "",
                "transit_gateway_id": "",
                "vpc_endpoint_id": "",
                "vpc_peering_connection_id": ""
              }
            ],
            "tags": {
              "Name": "photosense-private-rt"
            },
            "tags_all": {
              "Name": "photosense-private-rt"
            },
            "timeouts": null,
            "vpc_id": "vpc-01135e4c677c8be13"
          },
          "sensitive_attributes": [],
          "private": "eyJlMmJmYjczMC1lY2FhLTExZTYtOGY4OC0zNDM2M2JjN2M0YzAiOnsiY3JlYXRlIjozMDAwMDAwMDAwMDAsImRlbGV0ZSI6MzAwMDAwMDAwMDAwLCJ1cGRhdGUiOjEyMDAwMDAwMDAwMH19",
          "dependencies": [
            "module.vpc.aws_eip.nat",
            "module.vpc.aws_internet_gateway.this",
            "module.vpc.aws_nat_gateway.this",
            "module.vpc.aws_subnet.public",
            "module.vpc.aws_vpc.this",
            "module.vpc.data.aws_availability_zones.available"
          ]
        }
      ]
    },
    {
      "module": "module.vpc",
      "mode": "managed",
      "type": "aws_route_table",
      "name": "public",
      "provider": "provider[\"registry.terraform.io/hashicorp/aws\"]",
      "instances": [
        {
          "schema_version": 0,
          "attributes": {
            "arn": "arn:aws:ec2:us-east-1:586794477720:route-table/rtb-041d1c4c0efdc9bbe",
            "id": "rtb-041d1c4c0efdc9bbe",
            "owner_id": "586794477720",
            "propagating_vgws": [],
            "route": [
              {
                "carrier_gateway_id": "",
                "cidr_block": "0.0.0.0/0",
                "core_network_arn": "",
                "destination_prefix_list_id": "",
                "egress_only_gateway_id": "",
                "gateway_id": "igw-06e5f04a4dd88f6d9",
                "ipv6_cidr_block": "",
                "local_gateway_id": "",
                "nat_gateway_id": "",
                "network_interface_id": "",
                "transit_gateway_id": "",
                "vpc_endpoint_id": "",
                "vpc_peering_connection_id": ""
              }
            ],
            "tags": {
              "Name": "photosense-public-rt"
            },
            "tags_all": {
              "Name": "photosense-public-rt"
            },
            "timeouts": null,
            "vpc_id": "vpc-01135e4c677c8be13"
          },
          "sensitive_attributes": [],
          "private": "eyJlMmJmYjczMC1lY2FhLTExZTYtOGY4OC0zNDM2M2JjN2M0YzAiOnsiY3JlYXRlIjozMDAwMDAwMDAwMDAsImRlbGV0ZSI6MzAwMDAwMDAwMDAwLCJ1cGRhdGUiOjEyMDAwMDAwMDAwMH19",
          "dependencies": [
            "module.vpc.aws_internet_gateway.this",
            "module.vpc.aws_vpc.this"
          ]
        }
      ]
    },
    {
      "module": "module.vpc",
      "mode": "managed",
      "type": "aws_route_table_association",
      "name": "private",
      "provider": "provider[\"registry.terraform.io/hashicorp/aws\"]",
      "instances": [
        {
          "index_key": 0,
          "schema_version": 0,
          "attributes": {
            "gateway_id": "",
            "id": "rtbassoc-0156a82bee0a09538",
            "route_table_id": "rtb-07d0ddb94935e9290",
            "subnet_id": "subnet-05bfaa89fa88a9d08",
            "timeouts": null
          },
          "sensitive_attributes": [],
          "private": "eyJlMmJmYjczMC1lY2FhLTExZTYtOGY4OC0zNDM2M2JjN2M0YzAiOnsiY3JlYXRlIjozMDAwMDAwMDAwMDAsImRlbGV0ZSI6MzAwMDAwMDAwMDAwLCJ1cGRhdGUiOjEyMDAwMDAwMDAwMH19",
          "dependencies": [
            "module.vpc.aws_eip.nat",
            "module.vpc.aws_internet_gateway.this",
            "module.vpc.aws_nat_gateway.this",
            "module.vpc.aws_route_table.private",
            "module.vpc.aws_subnet.private",
            "module.vpc.aws_subnet.public",
            "module.vpc.aws_vpc.this",
            "module.vpc.data.aws_availability_zones.available"
          ]
        },
        {
          "index_key": 1,
          "schema_version": 0,
          "attributes": {
            "gateway_id": "",
            "id": "rtbassoc-0fa93199a2509a593",
            "route_table_id": "rtb-07d0ddb94935e9290",
            "subnet_id": "subnet-000a45c149e35d203",
            "timeouts": null
          },
          "sensitive_attributes": [],
          "private": "eyJlMmJmYjczMC1lY2FhLTExZTYtOGY4OC0zNDM2M2JjN2M0YzAiOnsiY3JlYXRlIjozMDAwMDAwMDAwMDAsImRlbGV0ZSI6MzAwMDAwMDAwMDAwLCJ1cGRhdGUiOjEyMDAwMDAwMDAwMH19",
          "dependencies": [
            "module.vpc.aws_eip.nat",
            "module.vpc.aws_internet_gateway.this",
            "module.vpc.aws_nat_gateway.this",
            "module.vpc.aws_route_table.private",
            "module.vpc.aws_subnet.private",
            "module.vpc.aws_subnet.public",
            "module.vpc.aws_vpc.this",
            "module.vpc.data.aws_availability_zones.available"
          ]
        }
      ]
    },
    {
      "module": "module.vpc",
      "mode": "managed",
      "type": "aws_route_table_association",
      "name": "public",
      "provider": "provider[\"registry.terraform.io/hashicorp/aws\"]",
      "instances": [
        {
          "index_key": 0,
          "schema_version": 0,
          "attributes": {
            "gateway_id": "",
            "id": "rtbassoc-0132a098587c9c203",
            "route_table_id": "rtb-041d1c4c0efdc9bbe",
            "subnet_id": "subnet-01a8e0487561511f5",
            "timeouts": null
          },
          "sensitive_attributes": [],
          "private": "eyJlMmJmYjczMC1lY2FhLTExZTYtOGY4OC0zNDM2M2JjN2M0YzAiOnsiY3JlYXRlIjozMDAwMDAwMDAwMDAsImRlbGV0ZSI6MzAwMDAwMDAwMDAwLCJ1cGRhdGUiOjEyMDAwMDAwMDAwMH19",
          "dependencies": [
            "module.vpc.aws_internet_gateway.this",
            "module.vpc.aws_route_table.public",
            "module.vpc.aws_subnet.public",
            "module.vpc.aws_vpc.this",
            "module.vpc.data.aws_availability_zones.available"
          ]
        },
        {
          "index_key": 1,
          "schema_version": 0,
          "attributes": {
            "gateway_id": "",
            "id": "rtbassoc-061963dab3bd063f6",
            "route_table_id": "rtb-041d1c4c0efdc9bbe",
            "subnet_id": "subnet-05e635812bad84464",
            "timeouts": null
          },
          "sensitive_attributes": [],
          "private": "eyJlMmJmYjczMC1lY2FhLTExZTYtOGY4OC0zNDM2M2JjN2M0YzAiOnsiY3JlYXRlIjozMDAwMDAwMDAwMDAsImRlbGV0ZSI6MzAwMDAwMDAwMDAwLCJ1cGRhdGUiOjEyMDAwMDAwMDAwMH19",
          "dependencies": [
            "module.vpc.aws_internet_gateway.this",
            "module.vpc.aws_route_table.public",
            "module.vpc.aws_subnet.public",
            "module.vpc.aws_vpc.this",
            "module.vpc.data.aws_availability_zones.available"
          ]
        }
      ]
    },
    {
      "module": "module.vpc",
      "mode": "managed",
      "type": "aws_subnet",
      "name": "private",
      "provider": "provider[\"registry.terraform.io/hashicorp/aws\"]",
      "instances": [
        {
          "index_key": 0,
          "schema_version": 1,
          "attributes": {
            "arn": "arn:aws:ec2:us-east-1:586794477720:subnet/subnet-05bfaa89fa88a9d08",
            "assign_ipv6_address_on_creation": false,
            "availability_zone": "us-east-1a",
            "availability_zone_id": "use1-az6",
            "cidr_block": "10.0.10.0/24",
            "customer_owned_ipv4_pool": "",
            "enable_dns64": false,
            "enable_lni_at_device_index": 0,
            "enable_resource_name_dns_a_record_on_launch": false,
            "enable_resource_name_dns_aaaa_record_on_launch": false,
            "id": "subnet-05bfaa89fa88a9d08",
            "ipv6_cidr_block": "",
            "ipv6_cidr_block_association_id": "",
            "ipv6_native": false,
            "map_customer_owned_ip_on_launch": false,
            "map_public_ip_on_launch": false,
            "outpost_arn": "",
            "owner_id": "586794477720",
            "private_dns_hostname_type_on_launch": "ip-name",
            "tags": {
              "Name": "photosense-private-1"
            },
            "tags_all": {
              "Name": "photosense-private-1"
            },
            "timeouts": null,
            "vpc_id": "vpc-01135e4c677c8be13"
          },
          "sensitive_attributes": [],
          "private": "eyJlMmJmYjczMC1lY2FhLTExZTYtOGY4OC0zNDM2M2JjN2M0YzAiOnsiY3JlYXRlIjo2MDAwMDAwMDAwMDAsImRlbGV0ZSI6MTIwMDAwMDAwMDAwMH0sInNjaGVtYV92ZXJzaW9uIjoiMSJ9",
          "dependencies": [
            "module.vpc.aws_vpc.this",
            "module.vpc.data.aws_availability_zones.available"
          ]
        },
        {
          "index_key": 1,
          "schema_version": 1,
          "attributes": {
            "arn": "arn:aws:ec2:us-east-1:586794477720:subnet/subnet-000a45c149e35d203",
            "assign_ipv6_address_on_creation": false,
            "availability_zone": "us-east-1b",
            "availability_zone_id": "use1-az1",
            "cidr_block": "10.0.11.0/24",
            "customer_owned_ipv4_pool": "",
            "enable_dns64": false,
            "enable_lni_at_device_index": 0,
            "enable_resource_name_dns_a_record_on_launch": false,
            "enable_resource_name_dns_aaaa_record_on_launch": false,
            "id": "subnet-000a45c149e35d203",
            "ipv6_cidr_block": "",
            "ipv6_cidr_block_association_id": "",
            "ipv6_native": false,
            "map_customer_owned_ip_on_launch": false,
            "map_public_ip_on_launch": false,
            "outpost_arn": "",
            "owner_id": "586794477720",
            "private_dns_hostname_type_on_launch": "ip-name",
            "tags": {
              "Name": "photosense-private-2"
            },
            "tags_all": {
              "Name": "photosense-private-2"
            },
            "timeouts": null,
            "vpc_id": "vpc-01135e4c677c8be13"
          },
          "sensitive_attributes": [],
          "private": "eyJlMmJmYjczMC1lY2FhLTExZTYtOGY4OC0zNDM2M2JjN2M0YzAiOnsiY3JlYXRlIjo2MDAwMDAwMDAwMDAsImRlbGV0ZSI6MTIwMDAwMDAwMDAwMH0sInNjaGVtYV92ZXJzaW9uIjoiMSJ9",
          "dependencies": [
            "module.vpc.aws_vpc.this",
            "module.vpc.data.aws_availability_zones.available"
          ]
        }
      ]
    },
    {
      "module": "module.vpc",
      "mode": "managed",
      "type": "aws_subnet",
      "name": "public",
      "provider": "provider[\"registry.terraform.io/hashicorp/aws\"]",
      "instances": [
        {
          "index_key": 0,
          "schema_version": 1,
          "attributes": {
            "arn": "arn:aws:ec2:us-east-1:586794477720:subnet/subnet-01a8e0487561511f5",
            "assign_ipv6_address_on_creation": false,
            "availability_zone": "us-east-1a",
            "availability_zone_id": "use1-az6",
            "cidr_block": "10.0.1.0/24",
            "customer_owned_ipv4_pool": "",
            "enable_dns64": false,
            "enable_lni_at_device_index": 0,
            "enable_resource_name_dns_a_record_on_launch": false,
            "enable_resource_name_dns_aaaa_record_on_launch": false,
            "id": "subnet-01a8e0487561511f5",
            "ipv6_cidr_block": "",
            "ipv6_cidr_block_association_id": "",
            "ipv6_native": false,
            "map_customer_owned_ip_on_launch": false,
            "map_public_ip_on_launch": true,
            "outpost_arn": "",
            "owner_id": "586794477720",
            "private_dns_hostname_type_on_launch": "ip-name",
            "tags": {
              "Name": "photosense-public-1"
            },
            "tags_all": {
              "Name": "photosense-public-1"
            },
            "timeouts": null,
            "vpc_id": "vpc-01135e4c677c8be13"
          },
          "sensitive_attributes": [],
          "private": "eyJlMmJmYjczMC1lY2FhLTExZTYtOGY4OC0zNDM2M2JjN2M0YzAiOnsiY3JlYXRlIjo2MDAwMDAwMDAwMDAsImRlbGV0ZSI6MTIwMDAwMDAwMDAwMH0sInNjaGVtYV92ZXJzaW9uIjoiMSJ9",
          "dependencies": [
            "module.vpc.aws_vpc.this",
            "module.vpc.data.aws_availability_zones.available"
          ]
        },
        {
          "index_key": 1,
          "schema_version": 1,
          "attributes": {
            "arn": "arn:aws:ec2:us-east-1:586794477720:subnet/subnet-05e635812bad84464",
            "assign_ipv6_address_on_creation": false,
            "availability_zone": "us-east-1b",
            "availability_zone_id": "use1-az1",
            "cidr_block": "10.0.2.0/24",
            "customer_owned_ipv4_pool": "",
            "enable_dns64": false,
            "enable_lni_at_device_index": 0,
            "enable_resource_name_dns_a_record_on_launch": false,
            "enable_resource_name_dns_aaaa_record_on_launch": false,
            "id": "subnet-05e635812bad84464",
            "ipv6_cidr_block": "",
            "ipv6_cidr_block_association_id": "",
            "ipv6_native": false,
            "map_customer_owned_ip_on_launch": false,
            "map_public_ip_on_launch": true,
            "outpost_arn": "",
            "owner_id": "586794477720",
            "private_dns_hostname_type_on_launch": "ip-name",
            "tags": {
              "Name": "photosense-public-2"
            },
            "tags_all": {
              "Name": "photosense-public-2"
            },
            "timeouts": null,
            "vpc_id": "vpc-01135e4c677c8be13"
          },
          "sensitive_attributes": [],
          "private": "eyJlMmJmYjczMC1lY2FhLTExZTYtOGY4OC0zNDM2M2JjN2M0YzAiOnsiY3JlYXRlIjo2MDAwMDAwMDAwMDAsImRlbGV0ZSI6MTIwMDAwMDAwMDAwMH0sInNjaGVtYV92ZXJzaW9uIjoiMSJ9",
          "dependencies": [
            "module.vpc.aws_vpc.this",
            "module.vpc.data.aws_availability_zones.available"
          ]
        }
      ]
    },
    {
      "module": "module.vpc",
      "mode": "managed",
      "type": "aws_vpc",
      "name": "this",
      "provider": "provider[\"registry.terraform.io/hashicorp/aws\"]",
      "instances": [
        {
          "schema_version": 1,
          "attributes": {
            "arn": "arn:aws:ec2:us-east-1:586794477720:vpc/vpc-01135e4c677c8be13",
            "assign_generated_ipv6_cidr_block": false,
            "cidr_block": "10.0.0.0/16",
            "default_network_acl_id": "acl-0c1de2366c6ab75a7",
            "default_route_table_id": "rtb-087af69f091ab4e50",
            "default_security_group_id": "sg-014862fc637465bf2",
            "dhcp_options_id": "dopt-02beb1004437b0f3f",
            "enable_dns_hostnames": true,
            "enable_dns_support": true,
            "enable_network_address_usage_metrics": false,
            "id": "vpc-01135e4c677c8be13",
            "instance_tenancy": "default",
            "ipv4_ipam_pool_id": null,
            "ipv4_netmask_length": null,
            "ipv6_association_id": "",
            "ipv6_cidr_block": "",
            "ipv6_cidr_block_network_border_group": "",
            "ipv6_ipam_pool_id": "",
            "ipv6_netmask_length": 0,
            "main_route_table_id": "rtb-087af69f091ab4e50",
            "owner_id": "586794477720",
            "tags": {
              "Name": "photosense-vpc"
            },
            "tags_all": {
              "Name": "photosense-vpc"
            }
          },
          "sensitive_attributes": [],
          "private": "eyJzY2hlbWFfdmVyc2lvbiI6IjEifQ=="
        }
      ]
    }
  ],
  "check_results": null
}
